// !$*UTF8*$!
{
	archiveVersion = 1;
	classes = {
	};
	objectVersion = 46;
	objects = {

/* Begin PBXBuildFile section */
		1AC6FB21180E996B004C840B /* libcocos2d Mac.a in Frameworks */ = {isa = PBXBuildFile; fileRef = 1AC6FAF9180E9839004C840B /* libcocos2d Mac.a */; };
		1AC6FB30180E99EB004C840B /* libcocos2d iOS.a in Frameworks */ = {isa = PBXBuildFile; fileRef = 1AC6FB07180E9839004C840B /* libcocos2d iOS.a */; };
		1D60589F0D05DD5A006BFB54 /* Foundation.framework in Frameworks */ = {isa = PBXBuildFile; fileRef = 1D30AB110D05D00D00671497 /* Foundation.framework */; };
		1DF5F4E00D08C38300B7A737 /* UIKit.framework in Frameworks */ = {isa = PBXBuildFile; fileRef = 1DF5F4DF0D08C38300B7A737 /* UIKit.framework */; };
		288765A50DF7441C002DB57D /* CoreGraphics.framework in Frameworks */ = {isa = PBXBuildFile; fileRef = 288765A40DF7441C002DB57D /* CoreGraphics.framework */; };
		46880B8819C43A87006E1F66 /* AppDelegate.cpp in Sources */ = {isa = PBXBuildFile; fileRef = 46880B8419C43A87006E1F66 /* AppDelegate.cpp */; };
		46880B8919C43A87006E1F66 /* AppDelegate.cpp in Sources */ = {isa = PBXBuildFile; fileRef = 46880B8419C43A87006E1F66 /* AppDelegate.cpp */; };
		46880B8A19C43A87006E1F66 /* HelloWorldScene.cpp in Sources */ = {isa = PBXBuildFile; fileRef = 46880B8619C43A87006E1F66 /* HelloWorldScene.cpp */; };
		46880B8B19C43A87006E1F66 /* HelloWorldScene.cpp in Sources */ = {isa = PBXBuildFile; fileRef = 46880B8619C43A87006E1F66 /* HelloWorldScene.cpp */; };
		503AE0F817EB97AB00D1A890 /* Icon.icns in Resources */ = {isa = PBXBuildFile; fileRef = 503AE0F617EB97AB00D1A890 /* Icon.icns */; };
		503AE10017EB989F00D1A890 /* AppController.mm in Sources */ = {isa = PBXBuildFile; fileRef = 503AE0FB17EB989F00D1A890 /* AppController.mm */; };
		503AE10117EB989F00D1A890 /* main.m in Sources */ = {isa = PBXBuildFile; fileRef = 503AE0FC17EB989F00D1A890 /* main.m */; };
		503AE10217EB989F00D1A890 /* RootViewController.mm in Sources */ = {isa = PBXBuildFile; fileRef = 503AE0FF17EB989F00D1A890 /* RootViewController.mm */; };
		503AE10517EB98FF00D1A890 /* main.cpp in Sources */ = {isa = PBXBuildFile; fileRef = 503AE10317EB98FF00D1A890 /* main.cpp */; };
		503AE11B17EB9C5A00D1A890 /* IOKit.framework in Frameworks */ = {isa = PBXBuildFile; fileRef = 503AE11A17EB9C5A00D1A890 /* IOKit.framework */; };
		5087E76317EB910900C73F5D /* Foundation.framework in Frameworks */ = {isa = PBXBuildFile; fileRef = 1D30AB110D05D00D00671497 /* Foundation.framework */; };
		5087E76717EB910900C73F5D /* libz.dylib in Frameworks */ = {isa = PBXBuildFile; fileRef = BF170DB412928DE900B8313A /* libz.dylib */; };
		5087E76817EB910900C73F5D /* QuartzCore.framework in Frameworks */ = {isa = PBXBuildFile; fileRef = BF1C47EA1293683800B63C5D /* QuartzCore.framework */; };
		5087E76917EB910900C73F5D /* OpenAL.framework in Frameworks */ = {isa = PBXBuildFile; fileRef = D44C620B132DFF330009C878 /* OpenAL.framework */; };
		5087E76A17EB910900C73F5D /* AVFoundation.framework in Frameworks */ = {isa = PBXBuildFile; fileRef = D44C620D132DFF430009C878 /* AVFoundation.framework */; };
		5087E76B17EB910900C73F5D /* AudioToolbox.framework in Frameworks */ = {isa = PBXBuildFile; fileRef = D44C620F132DFF4E0009C878 /* AudioToolbox.framework */; };
		5087E77D17EB970100C73F5D /* Default-568h@2x.png in Resources */ = {isa = PBXBuildFile; fileRef = 5087E77217EB970100C73F5D /* Default-568h@2x.png */; };
		5087E77E17EB970100C73F5D /* Default.png in Resources */ = {isa = PBXBuildFile; fileRef = 5087E77317EB970100C73F5D /* Default.png */; };
		5087E77F17EB970100C73F5D /* Default@2x.png in Resources */ = {isa = PBXBuildFile; fileRef = 5087E77417EB970100C73F5D /* Default@2x.png */; };
		5087E78017EB970100C73F5D /* Icon-114.png in Resources */ = {isa = PBXBuildFile; fileRef = 5087E77517EB970100C73F5D /* Icon-114.png */; };
		5087E78117EB970100C73F5D /* Icon-120.png in Resources */ = {isa = PBXBuildFile; fileRef = 5087E77617EB970100C73F5D /* Icon-120.png */; };
		5087E78217EB970100C73F5D /* Icon-144.png in Resources */ = {isa = PBXBuildFile; fileRef = 5087E77717EB970100C73F5D /* Icon-144.png */; };
		5087E78317EB970100C73F5D /* Icon-152.png in Resources */ = {isa = PBXBuildFile; fileRef = 5087E77817EB970100C73F5D /* Icon-152.png */; };
		5087E78417EB970100C73F5D /* Icon-57.png in Resources */ = {isa = PBXBuildFile; fileRef = 5087E77917EB970100C73F5D /* Icon-57.png */; };
		5087E78517EB970100C73F5D /* Icon-72.png in Resources */ = {isa = PBXBuildFile; fileRef = 5087E77A17EB970100C73F5D /* Icon-72.png */; };
		5087E78617EB970100C73F5D /* Icon-76.png in Resources */ = {isa = PBXBuildFile; fileRef = 5087E77B17EB970100C73F5D /* Icon-76.png */; };
		5087E78917EB974C00C73F5D /* AppKit.framework in Frameworks */ = {isa = PBXBuildFile; fileRef = 5087E78817EB974C00C73F5D /* AppKit.framework */; };
		5087E78B17EB975400C73F5D /* OpenGL.framework in Frameworks */ = {isa = PBXBuildFile; fileRef = 5087E78A17EB975400C73F5D /* OpenGL.framework */; };
		50EF629617ECD46A001EB2F8 /* Icon-40.png in Resources */ = {isa = PBXBuildFile; fileRef = 50EF629217ECD46A001EB2F8 /* Icon-40.png */; };
		50EF629717ECD46A001EB2F8 /* Icon-58.png in Resources */ = {isa = PBXBuildFile; fileRef = 50EF629317ECD46A001EB2F8 /* Icon-58.png */; };
		50EF629817ECD46A001EB2F8 /* Icon-80.png in Resources */ = {isa = PBXBuildFile; fileRef = 50EF629417ECD46A001EB2F8 /* Icon-80.png */; };
		50EF629917ECD46A001EB2F8 /* Icon-100.png in Resources */ = {isa = PBXBuildFile; fileRef = 50EF629517ECD46A001EB2F8 /* Icon-100.png */; };
		50EF62A217ECD613001EB2F8 /* Icon-29.png in Resources */ = {isa = PBXBuildFile; fileRef = 50EF62A017ECD613001EB2F8 /* Icon-29.png */; };
		50EF62A317ECD613001EB2F8 /* Icon-50.png in Resources */ = {isa = PBXBuildFile; fileRef = 50EF62A117ECD613001EB2F8 /* Icon-50.png */; };
		521A8E6419F0C34300D177D7 /* Default-667h@2x.png in Resources */ = {isa = PBXBuildFile; fileRef = 521A8E6219F0C34300D177D7 /* Default-667h@2x.png */; };
		521A8E6519F0C34300D177D7 /* Default-736h@3x.png in Resources */ = {isa = PBXBuildFile; fileRef = 521A8E6319F0C34300D177D7 /* Default-736h@3x.png */; };
		52B47A471A53D09C004E4C60 /* Security.framework in Frameworks */ = {isa = PBXBuildFile; fileRef = 52B47A461A53D09B004E4C60 /* Security.framework */; };
		8262943E1AAF051F00CB7CF7 /* Security.framework in Frameworks */ = {isa = PBXBuildFile; fileRef = 8262943D1AAF051F00CB7CF7 /* Security.framework */; };
		BF171245129291EC00B8313A /* OpenGLES.framework in Frameworks */ = {isa = PBXBuildFile; fileRef = BF170DB012928DE900B8313A /* OpenGLES.framework */; };
		BF1712471292920000B8313A /* libz.dylib in Frameworks */ = {isa = PBXBuildFile; fileRef = BF170DB412928DE900B8313A /* libz.dylib */; };
		BF1C47F01293687400B63C5D /* QuartzCore.framework in Frameworks */ = {isa = PBXBuildFile; fileRef = BF1C47EA1293683800B63C5D /* QuartzCore.framework */; };
		D44C620C132DFF330009C878 /* OpenAL.framework in Frameworks */ = {isa = PBXBuildFile; fileRef = D44C620B132DFF330009C878 /* OpenAL.framework */; };
		D44C620E132DFF430009C878 /* AVFoundation.framework in Frameworks */ = {isa = PBXBuildFile; fileRef = D44C620D132DFF430009C878 /* AVFoundation.framework */; };
		D44C6210132DFF4E0009C878 /* AudioToolbox.framework in Frameworks */ = {isa = PBXBuildFile; fileRef = D44C620F132DFF4E0009C878 /* AudioToolbox.framework */; };
		D6B0611B1803AB670077942B /* CoreMotion.framework in Frameworks */ = {isa = PBXBuildFile; fileRef = D6B0611A1803AB670077942B /* CoreMotion.framework */; };
		FF56C2001CF7E8F500EECEEF /* GameSceneManager.cpp in Sources */ = {isa = PBXBuildFile; fileRef = FF56C1FE1CF7E8F500EECEEF /* GameSceneManager.cpp */; };
		FF56C2031CF7E93600EECEEF /* MainLayer.cpp in Sources */ = {isa = PBXBuildFile; fileRef = FF56C2011CF7E93600EECEEF /* MainLayer.cpp */; };
		FF56C2061CF7E93F00EECEEF /* HelpLayer.cpp in Sources */ = {isa = PBXBuildFile; fileRef = FF56C2041CF7E93F00EECEEF /* HelpLayer.cpp */; };
		FF56C2091CF7E94800EECEEF /* SetLayer.cpp in Sources */ = {isa = PBXBuildFile; fileRef = FF56C2071CF7E94800EECEEF /* SetLayer.cpp */; };
		FF56C20C1CF7E97700EECEEF /* RankBirdLayer.cpp in Sources */ = {isa = PBXBuildFile; fileRef = FF56C20A1CF7E97700EECEEF /* RankBirdLayer.cpp */; };
		FF56C20F1CF7E99600EECEEF /* RankFruitLayer.cpp in Sources */ = {isa = PBXBuildFile; fileRef = FF56C20D1CF7E99600EECEEF /* RankFruitLayer.cpp */; };
		FF56C2121CF7E9A200EECEEF /* AboutLayer.cpp in Sources */ = {isa = PBXBuildFile; fileRef = FF56C2101CF7E9A200EECEEF /* AboutLayer.cpp */; };
		FF56C2151CF7E9BC00EECEEF /* GameLayer.cpp in Sources */ = {isa = PBXBuildFile; fileRef = FF56C2131CF7E9BC00EECEEF /* GameLayer.cpp */; };
		FF56C2181CF7E9E000EECEEF /* BirdLayer.cpp in Sources */ = {isa = PBXBuildFile; fileRef = FF56C2161CF7E9E000EECEEF /* BirdLayer.cpp */; };
		FF56C21B1CF7E9EA00EECEEF /* FruitLayer.cpp in Sources */ = {isa = PBXBuildFile; fileRef = FF56C2191CF7E9EA00EECEEF /* FruitLayer.cpp */; };
		FF8770801CFA7BD0008B487A /* about.png in Resources */ = {isa = PBXBuildFile; fileRef = FF8770301CFA7BD0008B487A /* about.png */; };
		FF8770811CFA7BD0008B487A /* about_off.png in Resources */ = {isa = PBXBuildFile; fileRef = FF8770311CFA7BD0008B487A /* about_off.png */; };
		FF8770821CFA7BD0008B487A /* back.png in Resources */ = {isa = PBXBuildFile; fileRef = FF8770321CFA7BD0008B487A /* back.png */; };
		FF8770831CFA7BD0008B487A /* back_off.png in Resources */ = {isa = PBXBuildFile; fileRef = FF8770331CFA7BD0008B487A /* back_off.png */; };
		FF8770841CFA7BD0008B487A /* Bird.png in Resources */ = {isa = PBXBuildFile; fileRef = FF8770341CFA7BD0008B487A /* Bird.png */; };
		FF8770851CFA7BD0008B487A /* Bird_off.png in Resources */ = {isa = PBXBuildFile; fileRef = FF8770351CFA7BD0008B487A /* Bird_off.png */; };
		FF8770861CFA7BD0008B487A /* continue.png in Resources */ = {isa = PBXBuildFile; fileRef = FF8770361CFA7BD0008B487A /* continue.png */; };
		FF8770871CFA7BD0008B487A /* continue_off.png in Resources */ = {isa = PBXBuildFile; fileRef = FF8770371CFA7BD0008B487A /* continue_off.png */; };
		FF8770881CFA7BD0008B487A /* continue_pause.png in Resources */ = {isa = PBXBuildFile; fileRef = FF8770381CFA7BD0008B487A /* continue_pause.png */; };
		FF8770891CFA7BD0008B487A /* exit.png in Resources */ = {isa = PBXBuildFile; fileRef = FF8770391CFA7BD0008B487A /* exit.png */; };
		FF87708A1CFA7BD0008B487A /* exit_off.png in Resources */ = {isa = PBXBuildFile; fileRef = FF87703A1CFA7BD0008B487A /* exit_off.png */; };
		FF87708B1CFA7BD0008B487A /* Fruit.png in Resources */ = {isa = PBXBuildFile; fileRef = FF87703B1CFA7BD0008B487A /* Fruit.png */; };
		FF87708C1CFA7BD0008B487A /* Fruit_off.png in Resources */ = {isa = PBXBuildFile; fileRef = FF87703C1CFA7BD0008B487A /* Fruit_off.png */; };
		FF87708D1CFA7BD0008B487A /* help.png in Resources */ = {isa = PBXBuildFile; fileRef = FF87703D1CFA7BD0008B487A /* help.png */; };
		FF87708E1CFA7BD0008B487A /* help_off.png in Resources */ = {isa = PBXBuildFile; fileRef = FF87703E1CFA7BD0008B487A /* help_off.png */; };
		FF87708F1CFA7BD0008B487A /* menu.png in Resources */ = {isa = PBXBuildFile; fileRef = FF87703F1CFA7BD0008B487A /* menu.png */; };
		FF8770901CFA7BD0008B487A /* menu_off.png in Resources */ = {isa = PBXBuildFile; fileRef = FF8770401CFA7BD0008B487A /* menu_off.png */; };
		FF8770911CFA7BD0008B487A /* next.png in Resources */ = {isa = PBXBuildFile; fileRef = FF8770411CFA7BD0008B487A /* next.png */; };
		FF8770921CFA7BD0008B487A /* next_off.png in Resources */ = {isa = PBXBuildFile; fileRef = FF8770421CFA7BD0008B487A /* next_off.png */; };
		FF8770931CFA7BD0008B487A /* pause.png in Resources */ = {isa = PBXBuildFile; fileRef = FF8770431CFA7BD0008B487A /* pause.png */; };
		FF8770941CFA7BD0008B487A /* rank.png in Resources */ = {isa = PBXBuildFile; fileRef = FF8770441CFA7BD0008B487A /* rank.png */; };
		FF8770951CFA7BD0008B487A /* rank_off.png in Resources */ = {isa = PBXBuildFile; fileRef = FF8770451CFA7BD0008B487A /* rank_off.png */; };
		FF8770961CFA7BD0008B487A /* replay.png in Resources */ = {isa = PBXBuildFile; fileRef = FF8770461CFA7BD0008B487A /* replay.png */; };
		FF8770971CFA7BD0008B487A /* replay_off.png in Resources */ = {isa = PBXBuildFile; fileRef = FF8770471CFA7BD0008B487A /* replay_off.png */; };
		FF8770981CFA7BD0008B487A /* set.png in Resources */ = {isa = PBXBuildFile; fileRef = FF8770481CFA7BD0008B487A /* set.png */; };
		FF8770991CFA7BD0008B487A /* set_off.png in Resources */ = {isa = PBXBuildFile; fileRef = FF8770491CFA7BD0008B487A /* set_off.png */; };
		FF87709A1CFA7BD0008B487A /* sound_off.png in Resources */ = {isa = PBXBuildFile; fileRef = FF87704A1CFA7BD0008B487A /* sound_off.png */; };
		FF87709B1CFA7BD0008B487A /* sound_on.png in Resources */ = {isa = PBXBuildFile; fileRef = FF87704B1CFA7BD0008B487A /* sound_on.png */; };
		FF87709C1CFA7BD0008B487A /* sound_stop.png in Resources */ = {isa = PBXBuildFile; fileRef = FF87704C1CFA7BD0008B487A /* sound_stop.png */; };
		FF87709D1CFA7BD0008B487A /* start.png in Resources */ = {isa = PBXBuildFile; fileRef = FF87704D1CFA7BD0008B487A /* start.png */; };
		FF87709E1CFA7BD0008B487A /* start_off.png in Resources */ = {isa = PBXBuildFile; fileRef = FF87704E1CFA7BD0008B487A /* start_off.png */; };
		FF87709F1CFA7BD0008B487A /* FZKATJW.ttf in Resources */ = {isa = PBXBuildFile; fileRef = FF8770501CFA7BD0008B487A /* FZKATJW.ttf */; };
		FF8770A01CFA7BD0008B487A /* fzkt.fnt in Resources */ = {isa = PBXBuildFile; fileRef = FF8770511CFA7BD0008B487A /* fzkt.fnt */; };
		FF8770A11CFA7BD0008B487A /* fzkt_0.png in Resources */ = {isa = PBXBuildFile; fileRef = FF8770521CFA7BD0008B487A /* fzkt_0.png */; };
		FF8770A21CFA7BD0008B487A /* aboutP.png in Resources */ = {isa = PBXBuildFile; fileRef = FF8770541CFA7BD0008B487A /* aboutP.png */; };
		FF8770A31CFA7BD0008B487A /* bird.plist in Resources */ = {isa = PBXBuildFile; fileRef = FF8770551CFA7BD0008B487A /* bird.plist */; };
		FF8770A41CFA7BD0008B487A /* birdP.png in Resources */ = {isa = PBXBuildFile; fileRef = FF8770561CFA7BD0008B487A /* birdP.png */; };
		FF8770A51CFA7BD0008B487A /* blood.png in Resources */ = {isa = PBXBuildFile; fileRef = FF8770571CFA7BD0008B487A /* blood.png */; };
		FF8770A61CFA7BD0008B487A /* column1.png in Resources */ = {isa = PBXBuildFile; fileRef = FF8770581CFA7BD0008B487A /* column1.png */; };
		FF8770A71CFA7BD0008B487A /* column2.png in Resources */ = {isa = PBXBuildFile; fileRef = FF8770591CFA7BD0008B487A /* column2.png */; };
		FF8770A81CFA7BD0008B487A /* fire.png in Resources */ = {isa = PBXBuildFile; fileRef = FF87705A1CFA7BD0008B487A /* fire.png */; };
		FF8770A91CFA7BD0008B487A /* floor.png in Resources */ = {isa = PBXBuildFile; fileRef = FF87705B1CFA7BD0008B487A /* floor.png */; };
		FF8770AA1CFA7BD0008B487A /* fruit0.png in Resources */ = {isa = PBXBuildFile; fileRef = FF87705C1CFA7BD0008B487A /* fruit0.png */; };
		FF8770AB1CFA7BD0008B487A /* fruit1.png in Resources */ = {isa = PBXBuildFile; fileRef = FF87705D1CFA7BD0008B487A /* fruit1.png */; };
		FF8770AC1CFA7BD0008B487A /* fruit2.png in Resources */ = {isa = PBXBuildFile; fileRef = FF87705E1CFA7BD0008B487A /* fruit2.png */; };
		FF8770AD1CFA7BD0008B487A /* fruit3.png in Resources */ = {isa = PBXBuildFile; fileRef = FF87705F1CFA7BD0008B487A /* fruit3.png */; };
		FF8770AE1CFA7BD0008B487A /* fruit4.png in Resources */ = {isa = PBXBuildFile; fileRef = FF8770601CFA7BD0008B487A /* fruit4.png */; };
		FF8770AF1CFA7BD0008B487A /* gameOver.png in Resources */ = {isa = PBXBuildFile; fileRef = FF8770611CFA7BD0008B487A /* gameOver.png */; };
		FF8770B01CFA7BD0008B487A /* gold.png in Resources */ = {isa = PBXBuildFile; fileRef = FF8770621CFA7BD0008B487A /* gold.png */; };
		FF8770B11CFA7BD0008B487A /* help0.png in Resources */ = {isa = PBXBuildFile; fileRef = FF8770631CFA7BD0008B487A /* help0.png */; };
		FF8770B21CFA7BD0008B487A /* help1.png in Resources */ = {isa = PBXBuildFile; fileRef = FF8770641CFA7BD0008B487A /* help1.png */; };
		FF8770B31CFA7BD0008B487A /* help2.png in Resources */ = {isa = PBXBuildFile; fileRef = FF8770651CFA7BD0008B487A /* help2.png */; };
		FF8770B41CFA7BD0008B487A /* help3.png in Resources */ = {isa = PBXBuildFile; fileRef = FF8770661CFA7BD0008B487A /* help3.png */; };
		FF8770B51CFA7BD0008B487A /* helpBack.png in Resources */ = {isa = PBXBuildFile; fileRef = FF8770671CFA7BD0008B487A /* helpBack.png */; };
		FF8770B61CFA7BD0008B487A /* morning.png in Resources */ = {isa = PBXBuildFile; fileRef = FF8770681CFA7BD0008B487A /* morning.png */; };
		FF8770B71CFA7BD0008B487A /* music.png in Resources */ = {isa = PBXBuildFile; fileRef = FF8770691CFA7BD0008B487A /* music.png */; };
		FF8770B81CFA7BD0008B487A /* night.png in Resources */ = {isa = PBXBuildFile; fileRef = FF87706A1CFA7BD0008B487A /* night.png */; };
		FF8770B91CFA7BD0008B487A /* number.png in Resources */ = {isa = PBXBuildFile; fileRef = FF87706B1CFA7BD0008B487A /* number.png */; };
		FF8770BA1CFA7BD0008B487A /* rankBackground.png in Resources */ = {isa = PBXBuildFile; fileRef = FF87706C1CFA7BD0008B487A /* rankBackground.png */; };
		FF8770BB1CFA7BD0008B487A /* rankBird.png in Resources */ = {isa = PBXBuildFile; fileRef = FF87706D1CFA7BD0008B487A /* rankBird.png */; };
		FF8770BC1CFA7BD0008B487A /* rankFruit.png in Resources */ = {isa = PBXBuildFile; fileRef = FF87706E1CFA7BD0008B487A /* rankFruit.png */; };
		FF8770BD1CFA7BD0008B487A /* readyBird.png in Resources */ = {isa = PBXBuildFile; fileRef = FF87706F1CFA7BD0008B487A /* readyBird.png */; };
		FF8770BE1CFA7BD0008B487A /* readyFruit.png in Resources */ = {isa = PBXBuildFile; fileRef = FF8770701CFA7BD0008B487A /* readyFruit.png */; };
		FF8770BF1CFA7BD0008B487A /* scoreOver.png in Resources */ = {isa = PBXBuildFile; fileRef = FF8770711CFA7BD0008B487A /* scoreOver.png */; };
		FF8770C01CFA7BD0008B487A /* setBack.png in Resources */ = {isa = PBXBuildFile; fileRef = FF8770721CFA7BD0008B487A /* setBack.png */; };
		FF8770C11CFA7BD0008B487A /* setBackground.png in Resources */ = {isa = PBXBuildFile; fileRef = FF8770731CFA7BD0008B487A /* setBackground.png */; };
		FF8770C21CFA7BD0008B487A /* slider.png in Resources */ = {isa = PBXBuildFile; fileRef = FF8770741CFA7BD0008B487A /* slider.png */; };
		FF8770C31CFA7BD0008B487A /* sliderTrack.png in Resources */ = {isa = PBXBuildFile; fileRef = FF8770751CFA7BD0008B487A /* sliderTrack.png */; };
		FF8770C41CFA7BD0008B487A /* sound.png in Resources */ = {isa = PBXBuildFile; fileRef = FF8770761CFA7BD0008B487A /* sound.png */; };
		FF8770C51CFA7BD0008B487A /* third.png in Resources */ = {isa = PBXBuildFile; fileRef = FF8770771CFA7BD0008B487A /* third.png */; };
		FF8770C61CFA7BD0008B487A /* title.png in Resources */ = {isa = PBXBuildFile; fileRef = FF8770781CFA7BD0008B487A /* title.png */; };
		FF8770C71CFA7BD0008B487A /* eat.wav in Resources */ = {isa = PBXBuildFile; fileRef = FF87707A1CFA7BD0008B487A /* eat.wav */; };
		FF8770C81CFA7BD0008B487A /* playscene.mp3 in Resources */ = {isa = PBXBuildFile; fileRef = FF87707B1CFA7BD0008B487A /* playscene.mp3 */; };
		FF8770C91CFA7BD0008B487A /* sfx_die.ogg in Resources */ = {isa = PBXBuildFile; fileRef = FF87707C1CFA7BD0008B487A /* sfx_die.ogg */; };
		FF8770CA1CFA7BD0008B487A /* sfx_hit.ogg in Resources */ = {isa = PBXBuildFile; fileRef = FF87707D1CFA7BD0008B487A /* sfx_hit.ogg */; };
		FF8770CB1CFA7BD0008B487A /* sfx_point.ogg in Resources */ = {isa = PBXBuildFile; fileRef = FF87707E1CFA7BD0008B487A /* sfx_point.ogg */; };
		FF8770CC1CFA7BD0008B487A /* sfx_wing.ogg in Resources */ = {isa = PBXBuildFile; fileRef = FF87707F1CFA7BD0008B487A /* sfx_wing.ogg */; };
/* End PBXBuildFile section */

/* Begin PBXContainerItemProxy section */
		1AC6FAF8180E9839004C840B /* PBXContainerItemProxy */ = {
			isa = PBXContainerItemProxy;
			containerPortal = 1AC6FAE5180E9839004C840B /* cocos2d_libs.xcodeproj */;
			proxyType = 2;
			remoteGlobalIDString = 1551A33F158F2AB200E66CFE;
			remoteInfo = "cocos2dx Mac";
		};
		1AC6FB06180E9839004C840B /* PBXContainerItemProxy */ = {
			isa = PBXContainerItemProxy;
			containerPortal = 1AC6FAE5180E9839004C840B /* cocos2d_libs.xcodeproj */;
			proxyType = 2;
			remoteGlobalIDString = A07A4D641783777C0073F6A7;
			remoteInfo = "cocos2dx iOS";
		};
		1AC6FB15180E9959004C840B /* PBXContainerItemProxy */ = {
			isa = PBXContainerItemProxy;
			containerPortal = 1AC6FAE5180E9839004C840B /* cocos2d_libs.xcodeproj */;
			proxyType = 1;
			remoteGlobalIDString = 1551A33E158F2AB200E66CFE;
			remoteInfo = "cocos2dx Mac";
		};
		1AC6FB24180E99E1004C840B /* PBXContainerItemProxy */ = {
			isa = PBXContainerItemProxy;
			containerPortal = 1AC6FAE5180E9839004C840B /* cocos2d_libs.xcodeproj */;
			proxyType = 1;
			remoteGlobalIDString = A07A4C241783777C0073F6A7;
			remoteInfo = "cocos2dx iOS";
		};
/* End PBXContainerItemProxy section */

/* Begin PBXFileReference section */
		1AC6FAE5180E9839004C840B /* cocos2d_libs.xcodeproj */ = {isa = PBXFileReference; lastKnownFileType = "wrapper.pb-project"; name = cocos2d_libs.xcodeproj; path = ../cocos2d/build/cocos2d_libs.xcodeproj; sourceTree = "<group>"; };
		1ACB3243164770DE00914215 /* libcurl.a */ = {isa = PBXFileReference; lastKnownFileType = archive.ar; name = libcurl.a; path = ../../cocos2dx/platform/third_party/ios/libraries/libcurl.a; sourceTree = "<group>"; };
		1D30AB110D05D00D00671497 /* Foundation.framework */ = {isa = PBXFileReference; lastKnownFileType = wrapper.framework; name = Foundation.framework; path = System/Library/Frameworks/Foundation.framework; sourceTree = SDKROOT; };
		1D6058910D05DD3D006BFB54 /* fruitAndbird iOS.app */ = {isa = PBXFileReference; explicitFileType = wrapper.application; includeInIndex = 0; path = "fruitAndbird iOS.app"; sourceTree = BUILT_PRODUCTS_DIR; };
		1DF5F4DF0D08C38300B7A737 /* UIKit.framework */ = {isa = PBXFileReference; lastKnownFileType = wrapper.framework; name = UIKit.framework; path = System/Library/Frameworks/UIKit.framework; sourceTree = SDKROOT; };
		288765A40DF7441C002DB57D /* CoreGraphics.framework */ = {isa = PBXFileReference; lastKnownFileType = wrapper.framework; name = CoreGraphics.framework; path = System/Library/Frameworks/CoreGraphics.framework; sourceTree = SDKROOT; };
		46880B8419C43A87006E1F66 /* AppDelegate.cpp */ = {isa = PBXFileReference; fileEncoding = 4; lastKnownFileType = sourcecode.cpp.cpp; path = AppDelegate.cpp; sourceTree = "<group>"; };
		46880B8519C43A87006E1F66 /* AppDelegate.h */ = {isa = PBXFileReference; fileEncoding = 4; lastKnownFileType = sourcecode.c.h; path = AppDelegate.h; sourceTree = "<group>"; };
		46880B8619C43A87006E1F66 /* HelloWorldScene.cpp */ = {isa = PBXFileReference; fileEncoding = 4; lastKnownFileType = sourcecode.cpp.cpp; path = HelloWorldScene.cpp; sourceTree = "<group>"; };
		46880B8719C43A87006E1F66 /* HelloWorldScene.h */ = {isa = PBXFileReference; fileEncoding = 4; lastKnownFileType = sourcecode.c.h; path = HelloWorldScene.h; sourceTree = "<group>"; };
		503AE0F617EB97AB00D1A890 /* Icon.icns */ = {isa = PBXFileReference; lastKnownFileType = image.icns; path = Icon.icns; sourceTree = "<group>"; };
		503AE0F717EB97AB00D1A890 /* Info.plist */ = {isa = PBXFileReference; fileEncoding = 4; lastKnownFileType = text.plist.xml; path = Info.plist; sourceTree = "<group>"; };
		503AE0FA17EB989F00D1A890 /* AppController.h */ = {isa = PBXFileReference; fileEncoding = 4; lastKnownFileType = sourcecode.c.h; name = AppController.h; path = ios/AppController.h; sourceTree = SOURCE_ROOT; };
		503AE0FB17EB989F00D1A890 /* AppController.mm */ = {isa = PBXFileReference; fileEncoding = 4; lastKnownFileType = sourcecode.cpp.objcpp; name = AppController.mm; path = ios/AppController.mm; sourceTree = SOURCE_ROOT; };
		503AE0FC17EB989F00D1A890 /* main.m */ = {isa = PBXFileReference; fileEncoding = 4; lastKnownFileType = sourcecode.c.objc; name = main.m; path = ios/main.m; sourceTree = SOURCE_ROOT; };
		503AE0FD17EB989F00D1A890 /* Prefix.pch */ = {isa = PBXFileReference; fileEncoding = 4; lastKnownFileType = sourcecode.c.h; name = Prefix.pch; path = ios/Prefix.pch; sourceTree = SOURCE_ROOT; };
		503AE0FE17EB989F00D1A890 /* RootViewController.h */ = {isa = PBXFileReference; fileEncoding = 4; lastKnownFileType = sourcecode.c.h; name = RootViewController.h; path = ios/RootViewController.h; sourceTree = SOURCE_ROOT; };
		503AE0FF17EB989F00D1A890 /* RootViewController.mm */ = {isa = PBXFileReference; fileEncoding = 4; lastKnownFileType = sourcecode.cpp.objcpp; name = RootViewController.mm; path = ios/RootViewController.mm; sourceTree = SOURCE_ROOT; };
		503AE10317EB98FF00D1A890 /* main.cpp */ = {isa = PBXFileReference; fileEncoding = 4; lastKnownFileType = sourcecode.cpp.cpp; name = main.cpp; path = mac/main.cpp; sourceTree = "<group>"; };
		503AE10417EB98FF00D1A890 /* Prefix.pch */ = {isa = PBXFileReference; fileEncoding = 4; lastKnownFileType = sourcecode.c.h; name = Prefix.pch; path = mac/Prefix.pch; sourceTree = "<group>"; };
		503AE11117EB99EE00D1A890 /* libcurl.dylib */ = {isa = PBXFileReference; lastKnownFileType = "compiled.mach-o.dylib"; name = libcurl.dylib; path = usr/lib/libcurl.dylib; sourceTree = SDKROOT; };
		503AE11A17EB9C5A00D1A890 /* IOKit.framework */ = {isa = PBXFileReference; lastKnownFileType = wrapper.framework; name = IOKit.framework; path = System/Library/Frameworks/IOKit.framework; sourceTree = SDKROOT; };
		5087E76F17EB910900C73F5D /* fruitAndbird Mac.app */ = {isa = PBXFileReference; explicitFileType = wrapper.application; includeInIndex = 0; path = "fruitAndbird Mac.app"; sourceTree = BUILT_PRODUCTS_DIR; };
		5087E77217EB970100C73F5D /* Default-568h@2x.png */ = {isa = PBXFileReference; lastKnownFileType = image.png; path = "Default-568h@2x.png"; sourceTree = "<group>"; };
		5087E77317EB970100C73F5D /* Default.png */ = {isa = PBXFileReference; lastKnownFileType = image.png; path = Default.png; sourceTree = "<group>"; };
		5087E77417EB970100C73F5D /* Default@2x.png */ = {isa = PBXFileReference; lastKnownFileType = image.png; path = "Default@2x.png"; sourceTree = "<group>"; };
		5087E77517EB970100C73F5D /* Icon-114.png */ = {isa = PBXFileReference; lastKnownFileType = image.png; path = "Icon-114.png"; sourceTree = "<group>"; };
		5087E77617EB970100C73F5D /* Icon-120.png */ = {isa = PBXFileReference; lastKnownFileType = image.png; path = "Icon-120.png"; sourceTree = "<group>"; };
		5087E77717EB970100C73F5D /* Icon-144.png */ = {isa = PBXFileReference; lastKnownFileType = image.png; path = "Icon-144.png"; sourceTree = "<group>"; };
		5087E77817EB970100C73F5D /* Icon-152.png */ = {isa = PBXFileReference; lastKnownFileType = image.png; path = "Icon-152.png"; sourceTree = "<group>"; };
		5087E77917EB970100C73F5D /* Icon-57.png */ = {isa = PBXFileReference; lastKnownFileType = image.png; path = "Icon-57.png"; sourceTree = "<group>"; };
		5087E77A17EB970100C73F5D /* Icon-72.png */ = {isa = PBXFileReference; lastKnownFileType = image.png; path = "Icon-72.png"; sourceTree = "<group>"; };
		5087E77B17EB970100C73F5D /* Icon-76.png */ = {isa = PBXFileReference; lastKnownFileType = image.png; path = "Icon-76.png"; sourceTree = "<group>"; };
		5087E77C17EB970100C73F5D /* Info.plist */ = {isa = PBXFileReference; fileEncoding = 4; lastKnownFileType = text.plist.xml; path = Info.plist; sourceTree = "<group>"; };
		5087E78817EB974C00C73F5D /* AppKit.framework */ = {isa = PBXFileReference; lastKnownFileType = wrapper.framework; name = AppKit.framework; path = System/Library/Frameworks/AppKit.framework; sourceTree = SDKROOT; };
		5087E78A17EB975400C73F5D /* OpenGL.framework */ = {isa = PBXFileReference; lastKnownFileType = wrapper.framework; name = OpenGL.framework; path = System/Library/Frameworks/OpenGL.framework; sourceTree = SDKROOT; };
		50EF629217ECD46A001EB2F8 /* Icon-40.png */ = {isa = PBXFileReference; lastKnownFileType = image.png; path = "Icon-40.png"; sourceTree = "<group>"; };
		50EF629317ECD46A001EB2F8 /* Icon-58.png */ = {isa = PBXFileReference; lastKnownFileType = image.png; path = "Icon-58.png"; sourceTree = "<group>"; };
		50EF629417ECD46A001EB2F8 /* Icon-80.png */ = {isa = PBXFileReference; lastKnownFileType = image.png; path = "Icon-80.png"; sourceTree = "<group>"; };
		50EF629517ECD46A001EB2F8 /* Icon-100.png */ = {isa = PBXFileReference; lastKnownFileType = image.png; path = "Icon-100.png"; sourceTree = "<group>"; };
		50EF62A017ECD613001EB2F8 /* Icon-29.png */ = {isa = PBXFileReference; lastKnownFileType = image.png; path = "Icon-29.png"; sourceTree = "<group>"; };
		50EF62A117ECD613001EB2F8 /* Icon-50.png */ = {isa = PBXFileReference; lastKnownFileType = image.png; path = "Icon-50.png"; sourceTree = "<group>"; };
		521A8E6219F0C34300D177D7 /* Default-667h@2x.png */ = {isa = PBXFileReference; lastKnownFileType = image.png; path = "Default-667h@2x.png"; sourceTree = "<group>"; };
		521A8E6319F0C34300D177D7 /* Default-736h@3x.png */ = {isa = PBXFileReference; lastKnownFileType = image.png; path = "Default-736h@3x.png"; sourceTree = "<group>"; };
		52B47A461A53D09B004E4C60 /* Security.framework */ = {isa = PBXFileReference; lastKnownFileType = wrapper.framework; name = Security.framework; path = Platforms/iPhoneOS.platform/Developer/SDKs/iPhoneOS8.1.sdk/System/Library/Frameworks/Security.framework; sourceTree = DEVELOPER_DIR; };
		8262943D1AAF051F00CB7CF7 /* Security.framework */ = {isa = PBXFileReference; lastKnownFileType = wrapper.framework; name = Security.framework; path = System/Library/Frameworks/Security.framework; sourceTree = SDKROOT; };
		BF170DB012928DE900B8313A /* OpenGLES.framework */ = {isa = PBXFileReference; lastKnownFileType = wrapper.framework; name = OpenGLES.framework; path = System/Library/Frameworks/OpenGLES.framework; sourceTree = SDKROOT; };
		BF170DB412928DE900B8313A /* libz.dylib */ = {isa = PBXFileReference; lastKnownFileType = "compiled.mach-o.dylib"; name = libz.dylib; path = usr/lib/libz.dylib; sourceTree = SDKROOT; };
		BF1C47EA1293683800B63C5D /* QuartzCore.framework */ = {isa = PBXFileReference; lastKnownFileType = wrapper.framework; name = QuartzCore.framework; path = System/Library/Frameworks/QuartzCore.framework; sourceTree = SDKROOT; };
		D44C620B132DFF330009C878 /* OpenAL.framework */ = {isa = PBXFileReference; lastKnownFileType = wrapper.framework; name = OpenAL.framework; path = System/Library/Frameworks/OpenAL.framework; sourceTree = SDKROOT; };
		D44C620D132DFF430009C878 /* AVFoundation.framework */ = {isa = PBXFileReference; lastKnownFileType = wrapper.framework; name = AVFoundation.framework; path = System/Library/Frameworks/AVFoundation.framework; sourceTree = SDKROOT; };
		D44C620F132DFF4E0009C878 /* AudioToolbox.framework */ = {isa = PBXFileReference; lastKnownFileType = wrapper.framework; name = AudioToolbox.framework; path = System/Library/Frameworks/AudioToolbox.framework; sourceTree = SDKROOT; };
		D6B0611A1803AB670077942B /* CoreMotion.framework */ = {isa = PBXFileReference; lastKnownFileType = wrapper.framework; name = CoreMotion.framework; path = Platforms/iPhoneOS.platform/Developer/SDKs/iPhoneOS7.0.sdk/System/Library/Frameworks/CoreMotion.framework; sourceTree = DEVELOPER_DIR; };
		FF56C1FE1CF7E8F500EECEEF /* GameSceneManager.cpp */ = {isa = PBXFileReference; fileEncoding = 4; lastKnownFileType = sourcecode.cpp.cpp; path = GameSceneManager.cpp; sourceTree = "<group>"; };
		FF56C1FF1CF7E8F500EECEEF /* GameSceneManager.hpp */ = {isa = PBXFileReference; fileEncoding = 4; lastKnownFileType = sourcecode.cpp.h; path = GameSceneManager.hpp; sourceTree = "<group>"; };
		FF56C2011CF7E93600EECEEF /* MainLayer.cpp */ = {isa = PBXFileReference; fileEncoding = 4; lastKnownFileType = sourcecode.cpp.cpp; path = MainLayer.cpp; sourceTree = "<group>"; };
		FF56C2021CF7E93600EECEEF /* MainLayer.hpp */ = {isa = PBXFileReference; fileEncoding = 4; lastKnownFileType = sourcecode.cpp.h; path = MainLayer.hpp; sourceTree = "<group>"; };
		FF56C2041CF7E93F00EECEEF /* HelpLayer.cpp */ = {isa = PBXFileReference; fileEncoding = 4; lastKnownFileType = sourcecode.cpp.cpp; path = HelpLayer.cpp; sourceTree = "<group>"; };
		FF56C2051CF7E93F00EECEEF /* HelpLayer.hpp */ = {isa = PBXFileReference; fileEncoding = 4; lastKnownFileType = sourcecode.cpp.h; path = HelpLayer.hpp; sourceTree = "<group>"; };
		FF56C2071CF7E94800EECEEF /* SetLayer.cpp */ = {isa = PBXFileReference; fileEncoding = 4; lastKnownFileType = sourcecode.cpp.cpp; path = SetLayer.cpp; sourceTree = "<group>"; };
		FF56C2081CF7E94800EECEEF /* SetLayer.hpp */ = {isa = PBXFileReference; fileEncoding = 4; lastKnownFileType = sourcecode.cpp.h; path = SetLayer.hpp; sourceTree = "<group>"; };
		FF56C20A1CF7E97700EECEEF /* RankBirdLayer.cpp */ = {isa = PBXFileReference; fileEncoding = 4; lastKnownFileType = sourcecode.cpp.cpp; path = RankBirdLayer.cpp; sourceTree = "<group>"; };
		FF56C20B1CF7E97700EECEEF /* RankBirdLayer.hpp */ = {isa = PBXFileReference; fileEncoding = 4; lastKnownFileType = sourcecode.cpp.h; path = RankBirdLayer.hpp; sourceTree = "<group>"; };
		FF56C20D1CF7E99600EECEEF /* RankFruitLayer.cpp */ = {isa = PBXFileReference; fileEncoding = 4; lastKnownFileType = sourcecode.cpp.cpp; path = RankFruitLayer.cpp; sourceTree = "<group>"; };
		FF56C20E1CF7E99600EECEEF /* RankFruitLayer.hpp */ = {isa = PBXFileReference; fileEncoding = 4; lastKnownFileType = sourcecode.cpp.h; path = RankFruitLayer.hpp; sourceTree = "<group>"; };
		FF56C2101CF7E9A200EECEEF /* AboutLayer.cpp */ = {isa = PBXFileReference; fileEncoding = 4; lastKnownFileType = sourcecode.cpp.cpp; path = AboutLayer.cpp; sourceTree = "<group>"; };
		FF56C2111CF7E9A200EECEEF /* AboutLayer.hpp */ = {isa = PBXFileReference; fileEncoding = 4; lastKnownFileType = sourcecode.cpp.h; path = AboutLayer.hpp; sourceTree = "<group>"; };
		FF56C2131CF7E9BC00EECEEF /* GameLayer.cpp */ = {isa = PBXFileReference; fileEncoding = 4; lastKnownFileType = sourcecode.cpp.cpp; path = GameLayer.cpp; sourceTree = "<group>"; };
		FF56C2141CF7E9BC00EECEEF /* GameLayer.hpp */ = {isa = PBXFileReference; fileEncoding = 4; lastKnownFileType = sourcecode.cpp.h; path = GameLayer.hpp; sourceTree = "<group>"; };
		FF56C2161CF7E9E000EECEEF /* BirdLayer.cpp */ = {isa = PBXFileReference; fileEncoding = 4; lastKnownFileType = sourcecode.cpp.cpp; path = BirdLayer.cpp; sourceTree = "<group>"; };
		FF56C2171CF7E9E000EECEEF /* BirdLayer.hpp */ = {isa = PBXFileReference; fileEncoding = 4; lastKnownFileType = sourcecode.cpp.h; path = BirdLayer.hpp; sourceTree = "<group>"; };
		FF56C2191CF7E9EA00EECEEF /* FruitLayer.cpp */ = {isa = PBXFileReference; fileEncoding = 4; lastKnownFileType = sourcecode.cpp.cpp; path = FruitLayer.cpp; sourceTree = "<group>"; };
		FF56C21A1CF7E9EA00EECEEF /* FruitLayer.hpp */ = {isa = PBXFileReference; fileEncoding = 4; lastKnownFileType = sourcecode.cpp.h; path = FruitLayer.hpp; sourceTree = "<group>"; };
		FF8770301CFA7BD0008B487A /* about.png */ = {isa = PBXFileReference; lastKnownFileType = image.png; path = about.png; sourceTree = "<group>"; };
		FF8770311CFA7BD0008B487A /* about_off.png */ = {isa = PBXFileReference; lastKnownFileType = image.png; path = about_off.png; sourceTree = "<group>"; };
		FF8770321CFA7BD0008B487A /* back.png */ = {isa = PBXFileReference; lastKnownFileType = image.png; path = back.png; sourceTree = "<group>"; };
		FF8770331CFA7BD0008B487A /* back_off.png */ = {isa = PBXFileReference; lastKnownFileType = image.png; path = back_off.png; sourceTree = "<group>"; };
		FF8770341CFA7BD0008B487A /* Bird.png */ = {isa = PBXFileReference; lastKnownFileType = image.png; path = Bird.png; sourceTree = "<group>"; };
		FF8770351CFA7BD0008B487A /* Bird_off.png */ = {isa = PBXFileReference; lastKnownFileType = image.png; path = Bird_off.png; sourceTree = "<group>"; };
		FF8770361CFA7BD0008B487A /* continue.png */ = {isa = PBXFileReference; lastKnownFileType = image.png; path = continue.png; sourceTree = "<group>"; };
		FF8770371CFA7BD0008B487A /* continue_off.png */ = {isa = PBXFileReference; lastKnownFileType = image.png; path = continue_off.png; sourceTree = "<group>"; };
		FF8770381CFA7BD0008B487A /* continue_pause.png */ = {isa = PBXFileReference; lastKnownFileType = image.png; path = continue_pause.png; sourceTree = "<group>"; };
		FF8770391CFA7BD0008B487A /* exit.png */ = {isa = PBXFileReference; lastKnownFileType = image.png; path = exit.png; sourceTree = "<group>"; };
		FF87703A1CFA7BD0008B487A /* exit_off.png */ = {isa = PBXFileReference; lastKnownFileType = image.png; path = exit_off.png; sourceTree = "<group>"; };
		FF87703B1CFA7BD0008B487A /* Fruit.png */ = {isa = PBXFileReference; lastKnownFileType = image.png; path = Fruit.png; sourceTree = "<group>"; };
		FF87703C1CFA7BD0008B487A /* Fruit_off.png */ = {isa = PBXFileReference; lastKnownFileType = image.png; path = Fruit_off.png; sourceTree = "<group>"; };
		FF87703D1CFA7BD0008B487A /* help.png */ = {isa = PBXFileReference; lastKnownFileType = image.png; path = help.png; sourceTree = "<group>"; };
		FF87703E1CFA7BD0008B487A /* help_off.png */ = {isa = PBXFileReference; lastKnownFileType = image.png; path = help_off.png; sourceTree = "<group>"; };
		FF87703F1CFA7BD0008B487A /* menu.png */ = {isa = PBXFileReference; lastKnownFileType = image.png; path = menu.png; sourceTree = "<group>"; };
		FF8770401CFA7BD0008B487A /* menu_off.png */ = {isa = PBXFileReference; lastKnownFileType = image.png; path = menu_off.png; sourceTree = "<group>"; };
		FF8770411CFA7BD0008B487A /* next.png */ = {isa = PBXFileReference; lastKnownFileType = image.png; path = next.png; sourceTree = "<group>"; };
		FF8770421CFA7BD0008B487A /* next_off.png */ = {isa = PBXFileReference; lastKnownFileType = image.png; path = next_off.png; sourceTree = "<group>"; };
		FF8770431CFA7BD0008B487A /* pause.png */ = {isa = PBXFileReference; lastKnownFileType = image.png; path = pause.png; sourceTree = "<group>"; };
		FF8770441CFA7BD0008B487A /* rank.png */ = {isa = PBXFileReference; lastKnownFileType = image.png; path = rank.png; sourceTree = "<group>"; };
		FF8770451CFA7BD0008B487A /* rank_off.png */ = {isa = PBXFileReference; lastKnownFileType = image.png; path = rank_off.png; sourceTree = "<group>"; };
		FF8770461CFA7BD0008B487A /* replay.png */ = {isa = PBXFileReference; lastKnownFileType = image.png; path = replay.png; sourceTree = "<group>"; };
		FF8770471CFA7BD0008B487A /* replay_off.png */ = {isa = PBXFileReference; lastKnownFileType = image.png; path = replay_off.png; sourceTree = "<group>"; };
		FF8770481CFA7BD0008B487A /* set.png */ = {isa = PBXFileReference; lastKnownFileType = image.png; path = set.png; sourceTree = "<group>"; };
		FF8770491CFA7BD0008B487A /* set_off.png */ = {isa = PBXFileReference; lastKnownFileType = image.png; path = set_off.png; sourceTree = "<group>"; };
		FF87704A1CFA7BD0008B487A /* sound_off.png */ = {isa = PBXFileReference; lastKnownFileType = image.png; path = sound_off.png; sourceTree = "<group>"; };
		FF87704B1CFA7BD0008B487A /* sound_on.png */ = {isa = PBXFileReference; lastKnownFileType = image.png; path = sound_on.png; sourceTree = "<group>"; };
		FF87704C1CFA7BD0008B487A /* sound_stop.png */ = {isa = PBXFileReference; lastKnownFileType = image.png; path = sound_stop.png; sourceTree = "<group>"; };
		FF87704D1CFA7BD0008B487A /* start.png */ = {isa = PBXFileReference; lastKnownFileType = image.png; path = start.png; sourceTree = "<group>"; };
		FF87704E1CFA7BD0008B487A /* start_off.png */ = {isa = PBXFileReference; lastKnownFileType = image.png; path = start_off.png; sourceTree = "<group>"; };
		FF8770501CFA7BD0008B487A /* FZKATJW.ttf */ = {isa = PBXFileReference; lastKnownFileType = file; path = FZKATJW.ttf; sourceTree = "<group>"; };
		FF8770511CFA7BD0008B487A /* fzkt.fnt */ = {isa = PBXFileReference; fileEncoding = 4; lastKnownFileType = text; path = fzkt.fnt; sourceTree = "<group>"; };
		FF8770521CFA7BD0008B487A /* fzkt_0.png */ = {isa = PBXFileReference; lastKnownFileType = image.png; path = fzkt_0.png; sourceTree = "<group>"; };
		FF8770541CFA7BD0008B487A /* aboutP.png */ = {isa = PBXFileReference; lastKnownFileType = image.png; path = aboutP.png; sourceTree = "<group>"; };
		FF8770551CFA7BD0008B487A /* bird.plist */ = {isa = PBXFileReference; fileEncoding = 4; lastKnownFileType = text.plist.xml; path = bird.plist; sourceTree = "<group>"; };
		FF8770561CFA7BD0008B487A /* birdP.png */ = {isa = PBXFileReference; lastKnownFileType = image.png; path = birdP.png; sourceTree = "<group>"; };
		FF8770571CFA7BD0008B487A /* blood.png */ = {isa = PBXFileReference; lastKnownFileType = image.png; path = blood.png; sourceTree = "<group>"; };
		FF8770581CFA7BD0008B487A /* column1.png */ = {isa = PBXFileReference; lastKnownFileType = image.png; path = column1.png; sourceTree = "<group>"; };
		FF8770591CFA7BD0008B487A /* column2.png */ = {isa = PBXFileReference; lastKnownFileType = image.png; path = column2.png; sourceTree = "<group>"; };
		FF87705A1CFA7BD0008B487A /* fire.png */ = {isa = PBXFileReference; lastKnownFileType = image.png; path = fire.png; sourceTree = "<group>"; };
		FF87705B1CFA7BD0008B487A /* floor.png */ = {isa = PBXFileReference; lastKnownFileType = image.png; path = floor.png; sourceTree = "<group>"; };
		FF87705C1CFA7BD0008B487A /* fruit0.png */ = {isa = PBXFileReference; lastKnownFileType = image.png; path = fruit0.png; sourceTree = "<group>"; };
		FF87705D1CFA7BD0008B487A /* fruit1.png */ = {isa = PBXFileReference; lastKnownFileType = image.png; path = fruit1.png; sourceTree = "<group>"; };
		FF87705E1CFA7BD0008B487A /* fruit2.png */ = {isa = PBXFileReference; lastKnownFileType = image.png; path = fruit2.png; sourceTree = "<group>"; };
		FF87705F1CFA7BD0008B487A /* fruit3.png */ = {isa = PBXFileReference; lastKnownFileType = image.png; path = fruit3.png; sourceTree = "<group>"; };
		FF8770601CFA7BD0008B487A /* fruit4.png */ = {isa = PBXFileReference; lastKnownFileType = image.png; path = fruit4.png; sourceTree = "<group>"; };
		FF8770611CFA7BD0008B487A /* gameOver.png */ = {isa = PBXFileReference; lastKnownFileType = image.png; path = gameOver.png; sourceTree = "<group>"; };
		FF8770621CFA7BD0008B487A /* gold.png */ = {isa = PBXFileReference; lastKnownFileType = image.png; path = gold.png; sourceTree = "<group>"; };
		FF8770631CFA7BD0008B487A /* help0.png */ = {isa = PBXFileReference; lastKnownFileType = image.png; path = help0.png; sourceTree = "<group>"; };
		FF8770641CFA7BD0008B487A /* help1.png */ = {isa = PBXFileReference; lastKnownFileType = image.png; path = help1.png; sourceTree = "<group>"; };
		FF8770651CFA7BD0008B487A /* help2.png */ = {isa = PBXFileReference; lastKnownFileType = image.png; path = help2.png; sourceTree = "<group>"; };
		FF8770661CFA7BD0008B487A /* help3.png */ = {isa = PBXFileReference; lastKnownFileType = image.png; path = help3.png; sourceTree = "<group>"; };
		FF8770671CFA7BD0008B487A /* helpBack.png */ = {isa = PBXFileReference; lastKnownFileType = image.png; path = helpBack.png; sourceTree = "<group>"; };
		FF8770681CFA7BD0008B487A /* morning.png */ = {isa = PBXFileReference; lastKnownFileType = image.png; path = morning.png; sourceTree = "<group>"; };
		FF8770691CFA7BD0008B487A /* music.png */ = {isa = PBXFileReference; lastKnownFileType = image.png; path = music.png; sourceTree = "<group>"; };
		FF87706A1CFA7BD0008B487A /* night.png */ = {isa = PBXFileReference; lastKnownFileType = image.png; path = night.png; sourceTree = "<group>"; };
		FF87706B1CFA7BD0008B487A /* number.png */ = {isa = PBXFileReference; lastKnownFileType = image.png; path = number.png; sourceTree = "<group>"; };
		FF87706C1CFA7BD0008B487A /* rankBackground.png */ = {isa = PBXFileReference; lastKnownFileType = image.png; path = rankBackground.png; sourceTree = "<group>"; };
		FF87706D1CFA7BD0008B487A /* rankBird.png */ = {isa = PBXFileReference; lastKnownFileType = image.png; path = rankBird.png; sourceTree = "<group>"; };
		FF87706E1CFA7BD0008B487A /* rankFruit.png */ = {isa = PBXFileReference; lastKnownFileType = image.png; path = rankFruit.png; sourceTree = "<group>"; };
		FF87706F1CFA7BD0008B487A /* readyBird.png */ = {isa = PBXFileReference; lastKnownFileType = image.png; path = readyBird.png; sourceTree = "<group>"; };
		FF8770701CFA7BD0008B487A /* readyFruit.png */ = {isa = PBXFileReference; lastKnownFileType = image.png; path = readyFruit.png; sourceTree = "<group>"; };
		FF8770711CFA7BD0008B487A /* scoreOver.png */ = {isa = PBXFileReference; lastKnownFileType = image.png; path = scoreOver.png; sourceTree = "<group>"; };
		FF8770721CFA7BD0008B487A /* setBack.png */ = {isa = PBXFileReference; lastKnownFileType = image.png; path = setBack.png; sourceTree = "<group>"; };
		FF8770731CFA7BD0008B487A /* setBackground.png */ = {isa = PBXFileReference; lastKnownFileType = image.png; path = setBackground.png; sourceTree = "<group>"; };
		FF8770741CFA7BD0008B487A /* slider.png */ = {isa = PBXFileReference; lastKnownFileType = image.png; path = slider.png; sourceTree = "<group>"; };
		FF8770751CFA7BD0008B487A /* sliderTrack.png */ = {isa = PBXFileReference; lastKnownFileType = image.png; path = sliderTrack.png; sourceTree = "<group>"; };
		FF8770761CFA7BD0008B487A /* sound.png */ = {isa = PBXFileReference; lastKnownFileType = image.png; path = sound.png; sourceTree = "<group>"; };
		FF8770771CFA7BD0008B487A /* third.png */ = {isa = PBXFileReference; lastKnownFileType = image.png; path = third.png; sourceTree = "<group>"; };
		FF8770781CFA7BD0008B487A /* title.png */ = {isa = PBXFileReference; lastKnownFileType = image.png; path = title.png; sourceTree = "<group>"; };
		FF87707A1CFA7BD0008B487A /* eat.wav */ = {isa = PBXFileReference; lastKnownFileType = audio.wav; path = eat.wav; sourceTree = "<group>"; };
		FF87707B1CFA7BD0008B487A /* playscene.mp3 */ = {isa = PBXFileReference; lastKnownFileType = audio.mp3; path = playscene.mp3; sourceTree = "<group>"; };
		FF87707C1CFA7BD0008B487A /* sfx_die.ogg */ = {isa = PBXFileReference; lastKnownFileType = file; path = sfx_die.ogg; sourceTree = "<group>"; };
		FF87707D1CFA7BD0008B487A /* sfx_hit.ogg */ = {isa = PBXFileReference; lastKnownFileType = file; path = sfx_hit.ogg; sourceTree = "<group>"; };
		FF87707E1CFA7BD0008B487A /* sfx_point.ogg */ = {isa = PBXFileReference; lastKnownFileType = file; path = sfx_point.ogg; sourceTree = "<group>"; };
		FF87707F1CFA7BD0008B487A /* sfx_wing.ogg */ = {isa = PBXFileReference; lastKnownFileType = file; path = sfx_wing.ogg; sourceTree = "<group>"; };
/* End PBXFileReference section */

/* Begin PBXFrameworksBuildPhase section */
		1D60588F0D05DD3D006BFB54 /* Frameworks */ = {
			isa = PBXFrameworksBuildPhase;
			buildActionMask = 2147483647;
			files = (
				52B47A471A53D09C004E4C60 /* Security.framework in Frameworks */,
				1AC6FB30180E99EB004C840B /* libcocos2d iOS.a in Frameworks */,
				D6B0611B1803AB670077942B /* CoreMotion.framework in Frameworks */,
				1D60589F0D05DD5A006BFB54 /* Foundation.framework in Frameworks */,
				1DF5F4E00D08C38300B7A737 /* UIKit.framework in Frameworks */,
				288765A50DF7441C002DB57D /* CoreGraphics.framework in Frameworks */,
				BF171245129291EC00B8313A /* OpenGLES.framework in Frameworks */,
				BF1712471292920000B8313A /* libz.dylib in Frameworks */,
				BF1C47F01293687400B63C5D /* QuartzCore.framework in Frameworks */,
				D44C620C132DFF330009C878 /* OpenAL.framework in Frameworks */,
				D44C620E132DFF430009C878 /* AVFoundation.framework in Frameworks */,
				D44C6210132DFF4E0009C878 /* AudioToolbox.framework in Frameworks */,
			);
			runOnlyForDeploymentPostprocessing = 0;
		};
		5087E75C17EB910900C73F5D /* Frameworks */ = {
			isa = PBXFrameworksBuildPhase;
			buildActionMask = 2147483647;
			files = (
				1AC6FB21180E996B004C840B /* libcocos2d Mac.a in Frameworks */,
				5087E76717EB910900C73F5D /* libz.dylib in Frameworks */,
				8262943E1AAF051F00CB7CF7 /* Security.framework in Frameworks */,
				503AE11B17EB9C5A00D1A890 /* IOKit.framework in Frameworks */,
				5087E78B17EB975400C73F5D /* OpenGL.framework in Frameworks */,
				5087E78917EB974C00C73F5D /* AppKit.framework in Frameworks */,
				5087E76317EB910900C73F5D /* Foundation.framework in Frameworks */,
				5087E76817EB910900C73F5D /* QuartzCore.framework in Frameworks */,
				5087E76917EB910900C73F5D /* OpenAL.framework in Frameworks */,
				5087E76A17EB910900C73F5D /* AVFoundation.framework in Frameworks */,
				5087E76B17EB910900C73F5D /* AudioToolbox.framework in Frameworks */,
			);
			runOnlyForDeploymentPostprocessing = 0;
		};
/* End PBXFrameworksBuildPhase section */

/* Begin PBXGroup section */
		080E96DDFE201D6D7F000001 /* ios */ = {
			isa = PBXGroup;
			children = (
				5087E77117EB970100C73F5D /* Icons */,
				503AE0FA17EB989F00D1A890 /* AppController.h */,
				503AE0FB17EB989F00D1A890 /* AppController.mm */,
				503AE0FC17EB989F00D1A890 /* main.m */,
				503AE0FD17EB989F00D1A890 /* Prefix.pch */,
				503AE0FE17EB989F00D1A890 /* RootViewController.h */,
				503AE0FF17EB989F00D1A890 /* RootViewController.mm */,
			);
			name = ios;
			path = Classes;
			sourceTree = "<group>";
		};
		19C28FACFE9D520D11CA2CBB /* Products */ = {
			isa = PBXGroup;
			children = (
				1D6058910D05DD3D006BFB54 /* fruitAndbird iOS.app */,
				5087E76F17EB910900C73F5D /* fruitAndbird Mac.app */,
			);
			name = Products;
			sourceTree = "<group>";
		};
		1AC6FAE6180E9839004C840B /* Products */ = {
			isa = PBXGroup;
			children = (
				1AC6FAF9180E9839004C840B /* libcocos2d Mac.a */,
				1AC6FB07180E9839004C840B /* libcocos2d iOS.a */,
			);
			name = Products;
			sourceTree = "<group>";
		};
		29B97314FDCFA39411CA2CEA /* CustomTemplate */ = {
			isa = PBXGroup;
			children = (
				46880B8319C43A87006E1F66 /* Classes */,
				1AC6FAE5180E9839004C840B /* cocos2d_libs.xcodeproj */,
				29B97323FDCFA39411CA2CEA /* Frameworks */,
				080E96DDFE201D6D7F000001 /* ios */,
				503AE10617EB990700D1A890 /* mac */,
				19C28FACFE9D520D11CA2CBB /* Products */,
				46880B7519C43A67006E1F66 /* Resources */,
			);
			name = CustomTemplate;
			sourceTree = "<group>";
		};
		29B97323FDCFA39411CA2CEA /* Frameworks */ = {
			isa = PBXGroup;
			children = (
				8262943D1AAF051F00CB7CF7 /* Security.framework */,
				52B47A461A53D09B004E4C60 /* Security.framework */,
				D6B0611A1803AB670077942B /* CoreMotion.framework */,
				503AE11A17EB9C5A00D1A890 /* IOKit.framework */,
				503AE11117EB99EE00D1A890 /* libcurl.dylib */,
				5087E78A17EB975400C73F5D /* OpenGL.framework */,
				5087E78817EB974C00C73F5D /* AppKit.framework */,
				1ACB3243164770DE00914215 /* libcurl.a */,
				BF170DB412928DE900B8313A /* libz.dylib */,
				D44C620F132DFF4E0009C878 /* AudioToolbox.framework */,
				D44C620D132DFF430009C878 /* AVFoundation.framework */,
				288765A40DF7441C002DB57D /* CoreGraphics.framework */,
				1D30AB110D05D00D00671497 /* Foundation.framework */,
				D44C620B132DFF330009C878 /* OpenAL.framework */,
				BF170DB012928DE900B8313A /* OpenGLES.framework */,
				BF1C47EA1293683800B63C5D /* QuartzCore.framework */,
				1DF5F4DF0D08C38300B7A737 /* UIKit.framework */,
			);
			name = Frameworks;
			sourceTree = "<group>";
		};
		46880B7519C43A67006E1F66 /* Resources */ = {
			isa = PBXGroup;
			children = (
				FF87702F1CFA7BD0008B487A /* button */,
				FF87704F1CFA7BD0008B487A /* fonts */,
				FF8770531CFA7BD0008B487A /* pic */,
				FF8770791CFA7BD0008B487A /* sounds */,
			);
			name = Resources;
			path = ../Resources;
			sourceTree = "<group>";
		};
		46880B8319C43A87006E1F66 /* Classes */ = {
			isa = PBXGroup;
			children = (
				46880B8419C43A87006E1F66 /* AppDelegate.cpp */,
				46880B8519C43A87006E1F66 /* AppDelegate.h */,
				46880B8619C43A87006E1F66 /* HelloWorldScene.cpp */,
				46880B8719C43A87006E1F66 /* HelloWorldScene.h */,
				FF56C1FE1CF7E8F500EECEEF /* GameSceneManager.cpp */,
				FF56C1FF1CF7E8F500EECEEF /* GameSceneManager.hpp */,
				FF56C2011CF7E93600EECEEF /* MainLayer.cpp */,
				FF56C2021CF7E93600EECEEF /* MainLayer.hpp */,
				FF56C2041CF7E93F00EECEEF /* HelpLayer.cpp */,
				FF56C2051CF7E93F00EECEEF /* HelpLayer.hpp */,
				FF56C2071CF7E94800EECEEF /* SetLayer.cpp */,
				FF56C2081CF7E94800EECEEF /* SetLayer.hpp */,
				FF56C20A1CF7E97700EECEEF /* RankBirdLayer.cpp */,
				FF56C20B1CF7E97700EECEEF /* RankBirdLayer.hpp */,
				FF56C20D1CF7E99600EECEEF /* RankFruitLayer.cpp */,
				FF56C20E1CF7E99600EECEEF /* RankFruitLayer.hpp */,
				FF56C2101CF7E9A200EECEEF /* AboutLayer.cpp */,
				FF56C2111CF7E9A200EECEEF /* AboutLayer.hpp */,
				FF56C2131CF7E9BC00EECEEF /* GameLayer.cpp */,
				FF56C2141CF7E9BC00EECEEF /* GameLayer.hpp */,
				FF56C2161CF7E9E000EECEEF /* BirdLayer.cpp */,
				FF56C2171CF7E9E000EECEEF /* BirdLayer.hpp */,
				FF56C2191CF7E9EA00EECEEF /* FruitLayer.cpp */,
				FF56C21A1CF7E9EA00EECEEF /* FruitLayer.hpp */,
			);
			name = Classes;
			path = ../Classes;
			sourceTree = "<group>";
		};
		503AE0F517EB97AB00D1A890 /* Icons */ = {
			isa = PBXGroup;
			children = (
				503AE0F617EB97AB00D1A890 /* Icon.icns */,
				503AE0F717EB97AB00D1A890 /* Info.plist */,
			);
			name = Icons;
			path = mac;
			sourceTree = SOURCE_ROOT;
		};
		503AE10617EB990700D1A890 /* mac */ = {
			isa = PBXGroup;
			children = (
				503AE0F517EB97AB00D1A890 /* Icons */,
				503AE10317EB98FF00D1A890 /* main.cpp */,
				503AE10417EB98FF00D1A890 /* Prefix.pch */,
			);
			name = mac;
			sourceTree = "<group>";
		};
		5087E77117EB970100C73F5D /* Icons */ = {
			isa = PBXGroup;
			children = (
				521A8E6219F0C34300D177D7 /* Default-667h@2x.png */,
				521A8E6319F0C34300D177D7 /* Default-736h@3x.png */,
				5087E77217EB970100C73F5D /* Default-568h@2x.png */,
				5087E77317EB970100C73F5D /* Default.png */,
				5087E77417EB970100C73F5D /* Default@2x.png */,
				50EF62A017ECD613001EB2F8 /* Icon-29.png */,
				50EF62A117ECD613001EB2F8 /* Icon-50.png */,
				50EF629217ECD46A001EB2F8 /* Icon-40.png */,
				50EF629317ECD46A001EB2F8 /* Icon-58.png */,
				50EF629417ECD46A001EB2F8 /* Icon-80.png */,
				50EF629517ECD46A001EB2F8 /* Icon-100.png */,
				5087E77517EB970100C73F5D /* Icon-114.png */,
				5087E77617EB970100C73F5D /* Icon-120.png */,
				5087E77717EB970100C73F5D /* Icon-144.png */,
				5087E77817EB970100C73F5D /* Icon-152.png */,
				5087E77917EB970100C73F5D /* Icon-57.png */,
				5087E77A17EB970100C73F5D /* Icon-72.png */,
				5087E77B17EB970100C73F5D /* Icon-76.png */,
				5087E77C17EB970100C73F5D /* Info.plist */,
			);
			name = Icons;
			path = ios;
			sourceTree = SOURCE_ROOT;
		};
		FF87702F1CFA7BD0008B487A /* button */ = {
			isa = PBXGroup;
			children = (
				FF8770301CFA7BD0008B487A /* about.png */,
				FF8770311CFA7BD0008B487A /* about_off.png */,
				FF8770321CFA7BD0008B487A /* back.png */,
				FF8770331CFA7BD0008B487A /* back_off.png */,
				FF8770341CFA7BD0008B487A /* Bird.png */,
				FF8770351CFA7BD0008B487A /* Bird_off.png */,
				FF8770361CFA7BD0008B487A /* continue.png */,
				FF8770371CFA7BD0008B487A /* continue_off.png */,
				FF8770381CFA7BD0008B487A /* continue_pause.png */,
				FF8770391CFA7BD0008B487A /* exit.png */,
				FF87703A1CFA7BD0008B487A /* exit_off.png */,
				FF87703B1CFA7BD0008B487A /* Fruit.png */,
				FF87703C1CFA7BD0008B487A /* Fruit_off.png */,
				FF87703D1CFA7BD0008B487A /* help.png */,
				FF87703E1CFA7BD0008B487A /* help_off.png */,
				FF87703F1CFA7BD0008B487A /* menu.png */,
				FF8770401CFA7BD0008B487A /* menu_off.png */,
				FF8770411CFA7BD0008B487A /* next.png */,
				FF8770421CFA7BD0008B487A /* next_off.png */,
				FF8770431CFA7BD0008B487A /* pause.png */,
				FF8770441CFA7BD0008B487A /* rank.png */,
				FF8770451CFA7BD0008B487A /* rank_off.png */,
				FF8770461CFA7BD0008B487A /* replay.png */,
				FF8770471CFA7BD0008B487A /* replay_off.png */,
				FF8770481CFA7BD0008B487A /* set.png */,
				FF8770491CFA7BD0008B487A /* set_off.png */,
				FF87704A1CFA7BD0008B487A /* sound_off.png */,
				FF87704B1CFA7BD0008B487A /* sound_on.png */,
				FF87704C1CFA7BD0008B487A /* sound_stop.png */,
				FF87704D1CFA7BD0008B487A /* start.png */,
				FF87704E1CFA7BD0008B487A /* start_off.png */,
			);
			path = button;
			sourceTree = "<group>";
		};
		FF87704F1CFA7BD0008B487A /* fonts */ = {
			isa = PBXGroup;
			children = (
				FF8770501CFA7BD0008B487A /* FZKATJW.ttf */,
				FF8770511CFA7BD0008B487A /* fzkt.fnt */,
				FF8770521CFA7BD0008B487A /* fzkt_0.png */,
			);
			path = fonts;
			sourceTree = "<group>";
		};
		FF8770531CFA7BD0008B487A /* pic */ = {
			isa = PBXGroup;
			children = (
				FF8770541CFA7BD0008B487A /* aboutP.png */,
				FF8770551CFA7BD0008B487A /* bird.plist */,
				FF8770561CFA7BD0008B487A /* birdP.png */,
				FF8770571CFA7BD0008B487A /* blood.png */,
				FF8770581CFA7BD0008B487A /* column1.png */,
				FF8770591CFA7BD0008B487A /* column2.png */,
				FF87705A1CFA7BD0008B487A /* fire.png */,
				FF87705B1CFA7BD0008B487A /* floor.png */,
				FF87705C1CFA7BD0008B487A /* fruit0.png */,
				FF87705D1CFA7BD0008B487A /* fruit1.png */,
				FF87705E1CFA7BD0008B487A /* fruit2.png */,
				FF87705F1CFA7BD0008B487A /* fruit3.png */,
				FF8770601CFA7BD0008B487A /* fruit4.png */,
				FF8770611CFA7BD0008B487A /* gameOver.png */,
				FF8770621CFA7BD0008B487A /* gold.png */,
				FF8770631CFA7BD0008B487A /* help0.png */,
				FF8770641CFA7BD0008B487A /* help1.png */,
				FF8770651CFA7BD0008B487A /* help2.png */,
				FF8770661CFA7BD0008B487A /* help3.png */,
				FF8770671CFA7BD0008B487A /* helpBack.png */,
				FF8770681CFA7BD0008B487A /* morning.png */,
				FF8770691CFA7BD0008B487A /* music.png */,
				FF87706A1CFA7BD0008B487A /* night.png */,
				FF87706B1CFA7BD0008B487A /* number.png */,
				FF87706C1CFA7BD0008B487A /* rankBackground.png */,
				FF87706D1CFA7BD0008B487A /* rankBird.png */,
				FF87706E1CFA7BD0008B487A /* rankFruit.png */,
				FF87706F1CFA7BD0008B487A /* readyBird.png */,
				FF8770701CFA7BD0008B487A /* readyFruit.png */,
				FF8770711CFA7BD0008B487A /* scoreOver.png */,
				FF8770721CFA7BD0008B487A /* setBack.png */,
				FF8770731CFA7BD0008B487A /* setBackground.png */,
				FF8770741CFA7BD0008B487A /* slider.png */,
				FF8770751CFA7BD0008B487A /* sliderTrack.png */,
				FF8770761CFA7BD0008B487A /* sound.png */,
				FF8770771CFA7BD0008B487A /* third.png */,
				FF8770781CFA7BD0008B487A /* title.png */,
			);
			path = pic;
			sourceTree = "<group>";
		};
		FF8770791CFA7BD0008B487A /* sounds */ = {
			isa = PBXGroup;
			children = (
				FF87707A1CFA7BD0008B487A /* eat.wav */,
				FF87707B1CFA7BD0008B487A /* playscene.mp3 */,
				FF87707C1CFA7BD0008B487A /* sfx_die.ogg */,
				FF87707D1CFA7BD0008B487A /* sfx_hit.ogg */,
				FF87707E1CFA7BD0008B487A /* sfx_point.ogg */,
				FF87707F1CFA7BD0008B487A /* sfx_wing.ogg */,
			);
			path = sounds;
			sourceTree = "<group>";
		};
/* End PBXGroup section */

/* Begin PBXNativeTarget section */
		1D6058900D05DD3D006BFB54 /* fruitAndbird iOS */ = {
			isa = PBXNativeTarget;
			buildConfigurationList = 1D6058960D05DD3E006BFB54 /* Build configuration list for PBXNativeTarget "fruitAndbird iOS" */;
			buildPhases = (
				1D60588D0D05DD3D006BFB54 /* Resources */,
				1D60588E0D05DD3D006BFB54 /* Sources */,
				1D60588F0D05DD3D006BFB54 /* Frameworks */,
			);
			buildRules = (
			);
			dependencies = (
				1AC6FB25180E99E1004C840B /* PBXTargetDependency */,
			);
			name = "fruitAndbird iOS";
			productName = iphone;
			productReference = 1D6058910D05DD3D006BFB54 /* fruitAndbird iOS.app */;
			productType = "com.apple.product-type.application";
		};
		5087E73D17EB910900C73F5D /* fruitAndbird Mac */ = {
			isa = PBXNativeTarget;
			buildConfigurationList = 5087E76C17EB910900C73F5D /* Build configuration list for PBXNativeTarget "fruitAndbird Mac" */;
			buildPhases = (
				5087E74817EB910900C73F5D /* Resources */,
				5087E75617EB910900C73F5D /* Sources */,
				5087E75C17EB910900C73F5D /* Frameworks */,
			);
			buildRules = (
			);
			dependencies = (
				1AC6FB16180E9959004C840B /* PBXTargetDependency */,
			);
			name = "fruitAndbird Mac";
			productName = iphone;
			productReference = 5087E76F17EB910900C73F5D /* fruitAndbird Mac.app */;
			productType = "com.apple.product-type.application";
		};
/* End PBXNativeTarget section */

/* Begin PBXProject section */
		29B97313FDCFA39411CA2CEA /* Project object */ = {
			isa = PBXProject;
			attributes = {
				LastUpgradeCheck = 0500;
				TargetAttributes = {
					1D6058900D05DD3D006BFB54 = {
						DevelopmentTeam = MDDB52YB8L;
					};
				};
			};
			buildConfigurationList = C01FCF4E08A954540054247B /* Build configuration list for PBXProject "fruitAndbird" */;
			compatibilityVersion = "Xcode 3.2";
			developmentRegion = English;
			hasScannedForEncodings = 1;
			knownRegions = (
				English,
				Japanese,
				French,
				German,
			);
			mainGroup = 29B97314FDCFA39411CA2CEA /* CustomTemplate */;
			projectDirPath = "";
			projectReferences = (
				{
					ProductGroup = 1AC6FAE6180E9839004C840B /* Products */;
					ProjectRef = 1AC6FAE5180E9839004C840B /* cocos2d_libs.xcodeproj */;
				},
			);
			projectRoot = "";
			targets = (
				1D6058900D05DD3D006BFB54 /* fruitAndbird iOS */,
				5087E73D17EB910900C73F5D /* fruitAndbird Mac */,
			);
		};
/* End PBXProject section */

/* Begin PBXReferenceProxy section */
		1AC6FAF9180E9839004C840B /* libcocos2d Mac.a */ = {
			isa = PBXReferenceProxy;
			fileType = archive.ar;
			path = "libcocos2d Mac.a";
			remoteRef = 1AC6FAF8180E9839004C840B /* PBXContainerItemProxy */;
			sourceTree = BUILT_PRODUCTS_DIR;
		};
		1AC6FB07180E9839004C840B /* libcocos2d iOS.a */ = {
			isa = PBXReferenceProxy;
			fileType = archive.ar;
			path = "libcocos2d iOS.a";
			remoteRef = 1AC6FB06180E9839004C840B /* PBXContainerItemProxy */;
			sourceTree = BUILT_PRODUCTS_DIR;
		};
/* End PBXReferenceProxy section */

/* Begin PBXResourcesBuildPhase section */
		1D60588D0D05DD3D006BFB54 /* Resources */ = {
			isa = PBXResourcesBuildPhase;
			buildActionMask = 2147483647;
			files = (
				FF8770C21CFA7BD0008B487A /* slider.png in Resources */,
				FF8770921CFA7BD0008B487A /* next_off.png in Resources */,
				FF8770B51CFA7BD0008B487A /* helpBack.png in Resources */,
				FF8770A51CFA7BD0008B487A /* blood.png in Resources */,
				FF87709D1CFA7BD0008B487A /* start.png in Resources */,
				FF87709F1CFA7BD0008B487A /* FZKATJW.ttf in Resources */,
				FF8770861CFA7BD0008B487A /* continue.png in Resources */,
				FF8770AD1CFA7BD0008B487A /* fruit3.png in Resources */,
				5087E78117EB970100C73F5D /* Icon-120.png in Resources */,
				5087E78617EB970100C73F5D /* Icon-76.png in Resources */,
				5087E77F17EB970100C73F5D /* Default@2x.png in Resources */,
				FF8770CA1CFA7BD0008B487A /* sfx_hit.ogg in Resources */,
				FF8770BC1CFA7BD0008B487A /* rankFruit.png in Resources */,
				FF87708F1CFA7BD0008B487A /* menu.png in Resources */,
				FF8770CB1CFA7BD0008B487A /* sfx_point.ogg in Resources */,
				FF8770961CFA7BD0008B487A /* replay.png in Resources */,
				FF8770A11CFA7BD0008B487A /* fzkt_0.png in Resources */,
				FF87709E1CFA7BD0008B487A /* start_off.png in Resources */,
				50EF629917ECD46A001EB2F8 /* Icon-100.png in Resources */,
				FF8770B41CFA7BD0008B487A /* help3.png in Resources */,
				FF8770C91CFA7BD0008B487A /* sfx_die.ogg in Resources */,
				FF8770901CFA7BD0008B487A /* menu_off.png in Resources */,
				FF8770C41CFA7BD0008B487A /* sound.png in Resources */,
				5087E78317EB970100C73F5D /* Icon-152.png in Resources */,
				FF87708E1CFA7BD0008B487A /* help_off.png in Resources */,
				FF87709C1CFA7BD0008B487A /* sound_stop.png in Resources */,
				FF87708D1CFA7BD0008B487A /* help.png in Resources */,
				FF8770871CFA7BD0008B487A /* continue_off.png in Resources */,
				FF8770981CFA7BD0008B487A /* set.png in Resources */,
				FF8770B81CFA7BD0008B487A /* night.png in Resources */,
				5087E77D17EB970100C73F5D /* Default-568h@2x.png in Resources */,
				FF8770AA1CFA7BD0008B487A /* fruit0.png in Resources */,
				FF8770931CFA7BD0008B487A /* pause.png in Resources */,
				5087E78517EB970100C73F5D /* Icon-72.png in Resources */,
				FF87709A1CFA7BD0008B487A /* sound_off.png in Resources */,
				FF8770801CFA7BD0008B487A /* about.png in Resources */,
				FF8770851CFA7BD0008B487A /* Bird_off.png in Resources */,
				FF8770C11CFA7BD0008B487A /* setBackground.png in Resources */,
				FF8770BA1CFA7BD0008B487A /* rankBackground.png in Resources */,
				FF8770891CFA7BD0008B487A /* exit.png in Resources */,
				FF8770B01CFA7BD0008B487A /* gold.png in Resources */,
				FF8770881CFA7BD0008B487A /* continue_pause.png in Resources */,
				FF8770AC1CFA7BD0008B487A /* fruit2.png in Resources */,
				FF8770A41CFA7BD0008B487A /* birdP.png in Resources */,
				521A8E6519F0C34300D177D7 /* Default-736h@3x.png in Resources */,
				FF8770AE1CFA7BD0008B487A /* fruit4.png in Resources */,
				FF8770BB1CFA7BD0008B487A /* rankBird.png in Resources */,
				FF8770C61CFA7BD0008B487A /* title.png in Resources */,
				FF8770BF1CFA7BD0008B487A /* scoreOver.png in Resources */,
				FF8770811CFA7BD0008B487A /* about_off.png in Resources */,
				FF8770AB1CFA7BD0008B487A /* fruit1.png in Resources */,
				FF8770991CFA7BD0008B487A /* set_off.png in Resources */,
				FF8770831CFA7BD0008B487A /* back_off.png in Resources */,
				FF8770B91CFA7BD0008B487A /* number.png in Resources */,
				50EF62A317ECD613001EB2F8 /* Icon-50.png in Resources */,
				FF8770B61CFA7BD0008B487A /* morning.png in Resources */,
				FF87709B1CFA7BD0008B487A /* sound_on.png in Resources */,
				FF8770BD1CFA7BD0008B487A /* readyBird.png in Resources */,
				FF87708A1CFA7BD0008B487A /* exit_off.png in Resources */,
				5087E78017EB970100C73F5D /* Icon-114.png in Resources */,
				50EF62A217ECD613001EB2F8 /* Icon-29.png in Resources */,
				FF8770B21CFA7BD0008B487A /* help1.png in Resources */,
				50EF629617ECD46A001EB2F8 /* Icon-40.png in Resources */,
				FF8770951CFA7BD0008B487A /* rank_off.png in Resources */,
				FF8770C81CFA7BD0008B487A /* playscene.mp3 in Resources */,
				FF8770A21CFA7BD0008B487A /* aboutP.png in Resources */,
				5087E78217EB970100C73F5D /* Icon-144.png in Resources */,
				FF8770971CFA7BD0008B487A /* replay_off.png in Resources */,
				FF8770A81CFA7BD0008B487A /* fire.png in Resources */,
				FF8770A01CFA7BD0008B487A /* fzkt.fnt in Resources */,
				FF8770B11CFA7BD0008B487A /* help0.png in Resources */,
				FF87708B1CFA7BD0008B487A /* Fruit.png in Resources */,
				FF8770AF1CFA7BD0008B487A /* gameOver.png in Resources */,
				FF8770A31CFA7BD0008B487A /* bird.plist in Resources */,
				50EF629817ECD46A001EB2F8 /* Icon-80.png in Resources */,
				5087E78417EB970100C73F5D /* Icon-57.png in Resources */,
				5087E77E17EB970100C73F5D /* Default.png in Resources */,
				FF87708C1CFA7BD0008B487A /* Fruit_off.png in Resources */,
				FF8770CC1CFA7BD0008B487A /* sfx_wing.ogg in Resources */,
				FF8770B31CFA7BD0008B487A /* help2.png in Resources */,
				FF8770821CFA7BD0008B487A /* back.png in Resources */,
				FF8770A61CFA7BD0008B487A /* column1.png in Resources */,
				FF8770C51CFA7BD0008B487A /* third.png in Resources */,
				FF8770841CFA7BD0008B487A /* Bird.png in Resources */,
				FF8770A71CFA7BD0008B487A /* column2.png in Resources */,
				FF8770A91CFA7BD0008B487A /* floor.png in Resources */,
				FF8770B71CFA7BD0008B487A /* music.png in Resources */,
				FF8770C31CFA7BD0008B487A /* sliderTrack.png in Resources */,
				FF8770C01CFA7BD0008B487A /* setBack.png in Resources */,
				521A8E6419F0C34300D177D7 /* Default-667h@2x.png in Resources */,
				FF8770BE1CFA7BD0008B487A /* readyFruit.png in Resources */,
				50EF629717ECD46A001EB2F8 /* Icon-58.png in Resources */,
				FF8770C71CFA7BD0008B487A /* eat.wav in Resources */,
				FF8770911CFA7BD0008B487A /* next.png in Resources */,
				FF8770941CFA7BD0008B487A /* rank.png in Resources */,
			);
			runOnlyForDeploymentPostprocessing = 0;
		};
		5087E74817EB910900C73F5D /* Resources */ = {
			isa = PBXResourcesBuildPhase;
			buildActionMask = 2147483647;
			files = (
				503AE0F817EB97AB00D1A890 /* Icon.icns in Resources */,
			);
			runOnlyForDeploymentPostprocessing = 0;
		};
/* End PBXResourcesBuildPhase section */

/* Begin PBXSourcesBuildPhase section */
		1D60588E0D05DD3D006BFB54 /* Sources */ = {
			isa = PBXSourcesBuildPhase;
			buildActionMask = 2147483647;
			files = (
				FF56C2031CF7E93600EECEEF /* MainLayer.cpp in Sources */,
				46880B8819C43A87006E1F66 /* AppDelegate.cpp in Sources */,
				46880B8A19C43A87006E1F66 /* HelloWorldScene.cpp in Sources */,
				FF56C2121CF7E9A200EECEEF /* AboutLayer.cpp in Sources */,
				FF56C20F1CF7E99600EECEEF /* RankFruitLayer.cpp in Sources */,
				FF56C2001CF7E8F500EECEEF /* GameSceneManager.cpp in Sources */,
				FF56C2061CF7E93F00EECEEF /* HelpLayer.cpp in Sources */,
				FF56C2151CF7E9BC00EECEEF /* GameLayer.cpp in Sources */,
				503AE10017EB989F00D1A890 /* AppController.mm in Sources */,
				FF56C20C1CF7E97700EECEEF /* RankBirdLayer.cpp in Sources */,
				FF56C2091CF7E94800EECEEF /* SetLayer.cpp in Sources */,
				FF56C21B1CF7E9EA00EECEEF /* FruitLayer.cpp in Sources */,
				503AE10217EB989F00D1A890 /* RootViewController.mm in Sources */,
				FF56C2181CF7E9E000EECEEF /* BirdLayer.cpp in Sources */,
				503AE10117EB989F00D1A890 /* main.m in Sources */,
			);
			runOnlyForDeploymentPostprocessing = 0;
		};
		5087E75617EB910900C73F5D /* Sources */ = {
			isa = PBXSourcesBuildPhase;
			buildActionMask = 2147483647;
			files = (
				46880B8919C43A87006E1F66 /* AppDelegate.cpp in Sources */,
				503AE10517EB98FF00D1A890 /* main.cpp in Sources */,
				46880B8B19C43A87006E1F66 /* HelloWorldScene.cpp in Sources */,
			);
			runOnlyForDeploymentPostprocessing = 0;
		};
/* End PBXSourcesBuildPhase section */

/* Begin PBXTargetDependency section */
		1AC6FB16180E9959004C840B /* PBXTargetDependency */ = {
			isa = PBXTargetDependency;
			name = "cocos2dx Mac";
			targetProxy = 1AC6FB15180E9959004C840B /* PBXContainerItemProxy */;
		};
		1AC6FB25180E99E1004C840B /* PBXTargetDependency */ = {
			isa = PBXTargetDependency;
			name = "cocos2dx iOS";
			targetProxy = 1AC6FB24180E99E1004C840B /* PBXContainerItemProxy */;
		};
/* End PBXTargetDependency section */

/* Begin XCBuildConfiguration section */
		1D6058940D05DD3E006BFB54 /* Debug */ = {
			isa = XCBuildConfiguration;
			buildSettings = {
				ALWAYS_SEARCH_USER_PATHS = YES;
				CODE_SIGN_IDENTITY = "iPhone Developer";
				COMPRESS_PNG_FILES = NO;
				GCC_DYNAMIC_NO_PIC = NO;
				GCC_INLINES_ARE_PRIVATE_EXTERN = NO;
				GCC_PRECOMPILE_PREFIX_HEADER = YES;
				GCC_PREFIX_HEADER = ios/Prefix.pch;
				GCC_PREPROCESSOR_DEFINITIONS = (
					USE_FILE32API,
					CC_TARGET_OS_IPHONE,
					"COCOS2D_DEBUG=1",
					"CC_ENABLE_CHIPMUNK_INTEGRATION=1",
				);
				GCC_SYMBOLS_PRIVATE_EXTERN = NO;
				HEADER_SEARCH_PATHS = (
					"$(inherited)",
					"$(SRCROOT)/../cocos2d/cocos/platform/ios",
					"$(SRCROOT)/../cocos2d/cocos/platform/ios/Simulation",
				);
				INFOPLIST_FILE = ios/Info.plist;
				IPHONEOS_DEPLOYMENT_TARGET = 5.0;
				LIBRARY_SEARCH_PATHS = "";
				OTHER_LDFLAGS = (
					"$(_COCOS_LIB_IOS_BEGIN)",
					"$(_COCOS_LIB_IOS_END)",
				);
				SDKROOT = iphoneos;
				TARGETED_DEVICE_FAMILY = "1,2";
				USER_HEADER_SEARCH_PATHS = "$(_COCOS_HEADER_IOS_BEGIN) $(_COCOS_HEADER_IOS_END)";
				VALID_ARCHS = "arm64 armv7";
			};
			name = Debug;
		};
		1D6058950D05DD3E006BFB54 /* Release */ = {
			isa = XCBuildConfiguration;
			buildSettings = {
				ALWAYS_SEARCH_USER_PATHS = YES;
				CODE_SIGN_IDENTITY = "iPhone Developer";
				COMPRESS_PNG_FILES = NO;
				GCC_INLINES_ARE_PRIVATE_EXTERN = NO;
				GCC_PRECOMPILE_PREFIX_HEADER = YES;
				GCC_PREFIX_HEADER = ios/Prefix.pch;
				GCC_PREPROCESSOR_DEFINITIONS = (
					USE_FILE32API,
					CC_TARGET_OS_IPHONE,
					"CC_ENABLE_CHIPMUNK_INTEGRATION=1",
				);
				GCC_SYMBOLS_PRIVATE_EXTERN = NO;
				HEADER_SEARCH_PATHS = (
					"$(inherited)",
					"$(SRCROOT)/../cocos2d/cocos/platform/ios",
					"$(SRCROOT)/../cocos2d/cocos/platform/ios/Simulation",
				);
				INFOPLIST_FILE = ios/Info.plist;
				IPHONEOS_DEPLOYMENT_TARGET = 5.0;
				LIBRARY_SEARCH_PATHS = "";
				OTHER_LDFLAGS = (
					"$(_COCOS_LIB_IOS_BEGIN)",
					"$(_COCOS_LIB_IOS_END)",
				);
				SDKROOT = iphoneos;
				TARGETED_DEVICE_FAMILY = "1,2";
				USER_HEADER_SEARCH_PATHS = "$(_COCOS_HEADER_IOS_BEGIN) $(_COCOS_HEADER_IOS_END)";
				VALID_ARCHS = "arm64 armv7";
			};
			name = Release;
		};
		5087E76D17EB910900C73F5D /* Debug */ = {
			isa = XCBuildConfiguration;
			buildSettings = {
				ALWAYS_SEARCH_USER_PATHS = YES;
				ARCHS = "$(ARCHS_STANDARD_64_BIT)";
				CLANG_CXX_LANGUAGE_STANDARD = "c++0x";
				CLANG_CXX_LIBRARY = "libc++";
				GCC_DYNAMIC_NO_PIC = NO;
				GCC_INLINES_ARE_PRIVATE_EXTERN = NO;
				GCC_PRECOMPILE_PREFIX_HEADER = YES;
				GCC_PREFIX_HEADER = mac/Prefix.pch;
				GCC_PREPROCESSOR_DEFINITIONS = (
					USE_FILE32API,
					CC_TARGET_OS_MAC,
					"COCOS2D_DEBUG=1",
					"CC_ENABLE_CHIPMUNK_INTEGRATION=1",
				);
				GCC_SYMBOLS_PRIVATE_EXTERN = NO;
				HEADER_SEARCH_PATHS = (
					"$(inherited)",
					"$(SRCROOT)/../cocos2d/cocos/platform/mac",
					"$(SRCROOT)/../cocos2d/external/glfw3/include/mac",
				);
				INFOPLIST_FILE = mac/Info.plist;
				LIBRARY_SEARCH_PATHS = "";
				OTHER_LDFLAGS = (
					"$(_COCOS_LIB_MAC_BEGIN)",
					"$(_COCOS_LIB_MAC_END)",
				);
				USER_HEADER_SEARCH_PATHS = "$(_COCOS_HEADER_MAC_BEGIN) $(_COCOS_HEADER_MAC_END)";
			};
			name = Debug;
		};
		5087E76E17EB910900C73F5D /* Release */ = {
			isa = XCBuildConfiguration;
			buildSettings = {
				ALWAYS_SEARCH_USER_PATHS = YES;
				ARCHS = "$(ARCHS_STANDARD_64_BIT)";
				CLANG_CXX_LANGUAGE_STANDARD = "c++0x";
				CLANG_CXX_LIBRARY = "libc++";
				GCC_INLINES_ARE_PRIVATE_EXTERN = NO;
				GCC_PRECOMPILE_PREFIX_HEADER = YES;
				GCC_PREFIX_HEADER = mac/Prefix.pch;
				GCC_PREPROCESSOR_DEFINITIONS = (
					USE_FILE32API,
					CC_TARGET_OS_MAC,
					"CC_ENABLE_CHIPMUNK_INTEGRATION=1",
				);
				GCC_SYMBOLS_PRIVATE_EXTERN = NO;
				HEADER_SEARCH_PATHS = (
					"$(inherited)",
					"$(SRCROOT)/../cocos2d/cocos/platform/mac",
					"$(SRCROOT)/../cocos2d/external/glfw3/include/mac",
				);
				INFOPLIST_FILE = mac/Info.plist;
				LIBRARY_SEARCH_PATHS = "";
				OTHER_LDFLAGS = (
					"$(_COCOS_LIB_MAC_BEGIN)",
					"$(_COCOS_LIB_MAC_END)",
				);
				USER_HEADER_SEARCH_PATHS = "$(_COCOS_HEADER_MAC_BEGIN) $(_COCOS_HEADER_MAC_END)";
			};
			name = Release;
		};
		C01FCF4F08A954540054247B /* Debug */ = {
			isa = XCBuildConfiguration;
			buildSettings = {
				CLANG_CXX_LANGUAGE_STANDARD = "c++0x";
				CLANG_CXX_LIBRARY = "libc++";
				COPY_PHASE_STRIP = NO;
				GCC_OPTIMIZATION_LEVEL = 0;
				GCC_WARN_ABOUT_RETURN_TYPE = YES;
				GCC_WARN_UNUSED_VARIABLE = YES;
				HEADER_SEARCH_PATHS = (
					"$(SRCROOT)/../cocos2d",
					"$(SRCROOT)/../cocos2d/cocos",
					"$(SRCROOT)/../cocos2d/cocos/base",
					"$(SRCROOT)/../cocos2d/cocos/physics",
					"$(SRCROOT)/../cocos2d/cocos/math",
					"$(SRCROOT)/../cocos2d/cocos/2d",
					"$(SRCROOT)/../cocos2d/cocos/ui",
					"$(SRCROOT)/../cocos2d/cocos/network",
					"$(SRCROOT)/../cocos2d/cocos/audio/include",
					"$(SRCROOT)/../cocos2d/cocos/editor-support",
					"$(SRCROOT)/../cocos2d/extensions",
					"$(SRCROOT)/../cocos2d/external",
					"$(SRCROOT)/../cocos2d/external/chipmunk/include/chipmunk",
				);
				MACOSX_DEPLOYMENT_TARGET = 10.7;
				ONLY_ACTIVE_ARCH = YES;
				PRODUCT_NAME = "$(TARGET_NAME)";
				SDKROOT = macosx;
			};
			name = Debug;
		};
		C01FCF5008A954540054247B /* Release */ = {
			isa = XCBuildConfiguration;
			buildSettings = {
				CLANG_CXX_LANGUAGE_STANDARD = "c++0x";
				CLANG_CXX_LIBRARY = "libc++";
				GCC_WARN_ABOUT_RETURN_TYPE = YES;
				GCC_WARN_UNUSED_VARIABLE = YES;
				HEADER_SEARCH_PATHS = (
					"$(SRCROOT)/../cocos2d",
					"$(SRCROOT)/../cocos2d/cocos",
					"$(SRCROOT)/../cocos2d/cocos/base",
					"$(SRCROOT)/../cocos2d/cocos/physics",
					"$(SRCROOT)/../cocos2d/cocos/math",
					"$(SRCROOT)/../cocos2d/cocos/2d",
					"$(SRCROOT)/../cocos2d/cocos/ui",
					"$(SRCROOT)/../cocos2d/cocos/network",
					"$(SRCROOT)/../cocos2d/cocos/audio/include",
					"$(SRCROOT)/../cocos2d/cocos/editor-support",
					"$(SRCROOT)/../cocos2d/extensions",
					"$(SRCROOT)/../cocos2d/external",
					"$(SRCROOT)/../cocos2d/external/chipmunk/include/chipmunk",
				);
				MACOSX_DEPLOYMENT_TARGET = 10.7;
				OTHER_CFLAGS = "-DNS_BLOCK_ASSERTIONS=1";
				PRODUCT_NAME = "$(TARGET_NAME)";
				SDKROOT = macosx;
				VALIDATE_PRODUCT = YES;
			};
			name = Release;
		};
/* End XCBuildConfiguration section */

/* Begin XCConfigurationList section */
		1D6058960D05DD3E006BFB54 /* Build configuration list for PBXNativeTarget "fruitAndbird iOS" */ = {
			isa = XCConfigurationList;
			buildConfigurations = (
				1D6058940D05DD3E006BFB54 /* Debug */,
				1D6058950D05DD3E006BFB54 /* Release */,
			);
			defaultConfigurationIsVisible = 0;
			defaultConfigurationName = Debug;
		};
		5087E76C17EB910900C73F5D /* Build configuration list for PBXNativeTarget "fruitAndbird Mac" */ = {
			isa = XCConfigurationList;
			buildConfigurations = (
				5087E76D17EB910900C73F5D /* Debug */,
				5087E76E17EB910900C73F5D /* Release */,
			);
			defaultConfigurationIsVisible = 0;
			defaultConfigurationName = Debug;
		};
		C01FCF4E08A954540054247B /* Build configuration list for PBXProject "fruitAndbird" */ = {
			isa = XCConfigurationList;
			buildConfigurations = (
				C01FCF4F08A954540054247B /* Debug */,
				C01FCF5008A954540054247B /* Release */,
			);
			defaultConfigurationIsVisible = 0;
			defaultConfigurationName = Debug;
		};
/* End XCConfigurationList section */
	};
	rootObject = 29B97313FDCFA39411CA2CEA /* Project object */;
}
